{
  "version": 4,
  "terraform_version": "0.14.5",
  "serial": 40,
  "lineage": "e07c2621-c88f-df7d-828f-5c907901020a",
  "outputs": {},
  "resources": [
    {
      "mode": "managed",
      "type": "azurerm_resource_group",
      "name": "test_harness_rg",
      "provider": "provider[\"registry.terraform.io/hashicorp/azurerm\"]",
      "instances": [
        {
          "schema_version": 0,
          "attributes": {
            "id": "/subscriptions/959965bb-d9df-4c6f-825e-37e1090d817d/resourceGroups/TestHarness",
            "location": "westus2",
            "name": "TestHarness",
            "tags": null,
            "timeouts": null
          },
          "sensitive_attributes": [],
          "private": "eyJlMmJmYjczMC1lY2FhLTExZTYtOGY4OC0zNDM2M2JjN2M0YzAiOnsiY3JlYXRlIjo1NDAwMDAwMDAwMDAwLCJkZWxldGUiOjU0MDAwMDAwMDAwMDAsInJlYWQiOjMwMDAwMDAwMDAwMCwidXBkYXRlIjo1NDAwMDAwMDAwMDAwfX0="
        }
      ]
    },
    {
      "module": "module.agent-vm",
      "mode": "managed",
      "type": "azurerm_linux_virtual_machine",
      "name": "test_harness_agent",
      "provider": "provider[\"registry.terraform.io/hashicorp/azurerm\"]",
      "instances": [
        {
          "index_key": 0,
          "schema_version": 0,
          "attributes": {
            "additional_capabilities": [],
            "admin_password": null,
            "admin_ssh_key": [
              {
                "public_key": "ssh-rsa AAAAB3NzaC1yc2EAAAADAQABAAACAQCYoV7iMGhzkjuTcqwUqGgtDfZ+xQsoxoso7dAv/idNQDps6Z6ir1c2qUa/szTFmuL1UfrX3bCMLriILB9nDyjyunomwl4v4SlYSEgiHaWvyCY7/Ft6/IHTyI8Xz84MeewIT3nkcpcNdKtedFuZ++AFs4PaD+y5EqxUHYmdde6+NhWQv+fy2e1vlc3cGJPLjyc2m38MeJmZYeXNlwPWjC/P7ISCuE3fk0YCw3PgpokXCQYP9Pi/S5vvTplMAhrirdgh6cJLmXiAPitiCDYOvMkCcsE08YIFZS7Bz6XLhb8d1UB8RjFwNAy4bNj7Cd97oD05QvhRFGaju5nnwMHZ1AMHKpHnvg9QjETo/FJ3FrMJ/Sjx3kwW0f9wzE4IMwJc7CLhRb49OIyIblQYi2uZcWpbfDWy2gprR+703vQ1wumzl0Gh0Bp1kYFUexp14NC0st1xc/FdCq55Q7KHbKcSHO8RnA2OmNKI0w1MK4fiOO7obKMzu2BIuc5XXw2Ke9nqarS5aPbFSFlwnIT8rYJtZVf3XZc5TaoSK5Tqj5A+G4KI1IGaUa/E0dX6IXqm4+asLF8Jt97hFAvXIf34rPFRtRhj0Edazol2pKR3YCm+ZzOahEdgHbAnI3eunpJgnBe+sloHlAcOKkFicUljY/4Degs6uYrg6MSfkTjOQS3X6utayw== jwendl@THOR\n",
                "username": "jwendl"
              }
            ],
            "admin_username": "jwendl",
            "allow_extension_operations": true,
            "availability_set_id": "",
            "boot_diagnostics": [],
            "computer_name": "jwscaleavmdev-0",
            "custom_data": null,
            "dedicated_host_id": "",
            "disable_password_authentication": true,
            "encryption_at_host_enabled": false,
            "eviction_policy": "",
            "extensions_time_budget": "PT1H30M",
            "id": "/subscriptions/959965bb-d9df-4c6f-825e-37e1090d817d/resourceGroups/TestHarness/providers/Microsoft.Compute/virtualMachines/jwscaleavmdev-0",
            "identity": [],
            "location": "westus2",
            "max_bid_price": -1,
            "name": "jwscaleavmdev-0",
            "network_interface_ids": [
              "/subscriptions/959965bb-d9df-4c6f-825e-37e1090d817d/resourceGroups/TestHarness/providers/Microsoft.Network/networkInterfaces/jwscaleavmnicdev-0"
            ],
            "os_disk": [
              {
                "caching": "ReadWrite",
                "diff_disk_settings": [],
                "disk_encryption_set_id": "",
                "disk_size_gb": 30,
                "name": "jwscaleavmdev-0_OsDisk_1_44f774b2960245b0bcde99a9d2e6fbd9",
                "storage_account_type": "Standard_LRS",
                "write_accelerator_enabled": false
              }
            ],
            "plan": [],
            "priority": "Regular",
            "private_ip_address": "192.168.1.6",
            "private_ip_addresses": [
              "192.168.1.6"
            ],
            "provision_vm_agent": true,
            "proximity_placement_group_id": "",
            "public_ip_address": "52.183.25.195",
            "public_ip_addresses": [
              "52.183.25.195"
            ],
            "resource_group_name": "TestHarness",
            "secret": [],
            "size": "Standard_F2",
            "source_image_id": "",
            "source_image_reference": [
              {
                "offer": "UbuntuServer",
                "publisher": "Canonical",
                "sku": "18.04-LTS",
                "version": "latest"
              }
            ],
            "tags": null,
            "timeouts": null,
            "virtual_machine_id": "178a1db6-2182-4637-967f-dcd7a95eeac1",
            "virtual_machine_scale_set_id": "",
            "zone": ""
          },
          "sensitive_attributes": [],
          "private": "eyJlMmJmYjczMC1lY2FhLTExZTYtOGY4OC0zNDM2M2JjN2M0YzAiOnsiY3JlYXRlIjoyNzAwMDAwMDAwMDAwLCJkZWxldGUiOjI3MDAwMDAwMDAwMDAsInJlYWQiOjMwMDAwMDAwMDAwMCwidXBkYXRlIjoyNzAwMDAwMDAwMDAwfX0=",
          "dependencies": [
            "azurerm_resource_group.test_harness_rg",
            "module.agent-vm.azurerm_network_interface.test_harness_agent_nic",
            "module.agent-vm.azurerm_public_ip.test_harness_agent_public_ip",
            "module.network.azurerm_subnet.test_harness_subnet",
            "module.network.azurerm_virtual_network.test_harness_vnet"
          ]
        },
        {
          "index_key": 1,
          "schema_version": 0,
          "attributes": {
            "additional_capabilities": [],
            "admin_password": null,
            "admin_ssh_key": [
              {
                "public_key": "ssh-rsa AAAAB3NzaC1yc2EAAAADAQABAAACAQCYoV7iMGhzkjuTcqwUqGgtDfZ+xQsoxoso7dAv/idNQDps6Z6ir1c2qUa/szTFmuL1UfrX3bCMLriILB9nDyjyunomwl4v4SlYSEgiHaWvyCY7/Ft6/IHTyI8Xz84MeewIT3nkcpcNdKtedFuZ++AFs4PaD+y5EqxUHYmdde6+NhWQv+fy2e1vlc3cGJPLjyc2m38MeJmZYeXNlwPWjC/P7ISCuE3fk0YCw3PgpokXCQYP9Pi/S5vvTplMAhrirdgh6cJLmXiAPitiCDYOvMkCcsE08YIFZS7Bz6XLhb8d1UB8RjFwNAy4bNj7Cd97oD05QvhRFGaju5nnwMHZ1AMHKpHnvg9QjETo/FJ3FrMJ/Sjx3kwW0f9wzE4IMwJc7CLhRb49OIyIblQYi2uZcWpbfDWy2gprR+703vQ1wumzl0Gh0Bp1kYFUexp14NC0st1xc/FdCq55Q7KHbKcSHO8RnA2OmNKI0w1MK4fiOO7obKMzu2BIuc5XXw2Ke9nqarS5aPbFSFlwnIT8rYJtZVf3XZc5TaoSK5Tqj5A+G4KI1IGaUa/E0dX6IXqm4+asLF8Jt97hFAvXIf34rPFRtRhj0Edazol2pKR3YCm+ZzOahEdgHbAnI3eunpJgnBe+sloHlAcOKkFicUljY/4Degs6uYrg6MSfkTjOQS3X6utayw== jwendl@THOR\n",
                "username": "jwendl"
              }
            ],
            "admin_username": "jwendl",
            "allow_extension_operations": true,
            "availability_set_id": "",
            "boot_diagnostics": [],
            "computer_name": "jwscaleavmdev-1",
            "custom_data": null,
            "dedicated_host_id": "",
            "disable_password_authentication": true,
            "encryption_at_host_enabled": false,
            "eviction_policy": "",
            "extensions_time_budget": "PT1H30M",
            "id": "/subscriptions/959965bb-d9df-4c6f-825e-37e1090d817d/resourceGroups/TestHarness/providers/Microsoft.Compute/virtualMachines/jwscaleavmdev-1",
            "identity": [],
            "location": "westus2",
            "max_bid_price": -1,
            "name": "jwscaleavmdev-1",
            "network_interface_ids": [
              "/subscriptions/959965bb-d9df-4c6f-825e-37e1090d817d/resourceGroups/TestHarness/providers/Microsoft.Network/networkInterfaces/jwscaleavmnicdev-1"
            ],
            "os_disk": [
              {
                "caching": "ReadWrite",
                "diff_disk_settings": [],
                "disk_encryption_set_id": "",
                "disk_size_gb": 30,
                "name": "jwscaleavmdev-1_OsDisk_1_f0c7723049a846bd9807fe43cf54b349",
                "storage_account_type": "Standard_LRS",
                "write_accelerator_enabled": false
              }
            ],
            "plan": [],
            "priority": "Regular",
            "private_ip_address": "192.168.1.8",
            "private_ip_addresses": [
              "192.168.1.8"
            ],
            "provision_vm_agent": true,
            "proximity_placement_group_id": "",
            "public_ip_address": "52.183.24.129",
            "public_ip_addresses": [
              "52.183.24.129"
            ],
            "resource_group_name": "TestHarness",
            "secret": [],
            "size": "Standard_F2",
            "source_image_id": "",
            "source_image_reference": [
              {
                "offer": "UbuntuServer",
                "publisher": "Canonical",
                "sku": "18.04-LTS",
                "version": "latest"
              }
            ],
            "tags": null,
            "timeouts": null,
            "virtual_machine_id": "6ea0318d-0649-4049-b155-c07a9435c2d4",
            "virtual_machine_scale_set_id": "",
            "zone": ""
          },
          "sensitive_attributes": [],
          "private": "eyJlMmJmYjczMC1lY2FhLTExZTYtOGY4OC0zNDM2M2JjN2M0YzAiOnsiY3JlYXRlIjoyNzAwMDAwMDAwMDAwLCJkZWxldGUiOjI3MDAwMDAwMDAwMDAsInJlYWQiOjMwMDAwMDAwMDAwMCwidXBkYXRlIjoyNzAwMDAwMDAwMDAwfX0=",
          "dependencies": [
            "azurerm_resource_group.test_harness_rg",
            "module.agent-vm.azurerm_network_interface.test_harness_agent_nic",
            "module.agent-vm.azurerm_public_ip.test_harness_agent_public_ip",
            "module.network.azurerm_subnet.test_harness_subnet",
            "module.network.azurerm_virtual_network.test_harness_vnet"
          ]
        },
        {
          "index_key": 2,
          "schema_version": 0,
          "attributes": {
            "additional_capabilities": [],
            "admin_password": null,
            "admin_ssh_key": [
              {
                "public_key": "ssh-rsa AAAAB3NzaC1yc2EAAAADAQABAAACAQCYoV7iMGhzkjuTcqwUqGgtDfZ+xQsoxoso7dAv/idNQDps6Z6ir1c2qUa/szTFmuL1UfrX3bCMLriILB9nDyjyunomwl4v4SlYSEgiHaWvyCY7/Ft6/IHTyI8Xz84MeewIT3nkcpcNdKtedFuZ++AFs4PaD+y5EqxUHYmdde6+NhWQv+fy2e1vlc3cGJPLjyc2m38MeJmZYeXNlwPWjC/P7ISCuE3fk0YCw3PgpokXCQYP9Pi/S5vvTplMAhrirdgh6cJLmXiAPitiCDYOvMkCcsE08YIFZS7Bz6XLhb8d1UB8RjFwNAy4bNj7Cd97oD05QvhRFGaju5nnwMHZ1AMHKpHnvg9QjETo/FJ3FrMJ/Sjx3kwW0f9wzE4IMwJc7CLhRb49OIyIblQYi2uZcWpbfDWy2gprR+703vQ1wumzl0Gh0Bp1kYFUexp14NC0st1xc/FdCq55Q7KHbKcSHO8RnA2OmNKI0w1MK4fiOO7obKMzu2BIuc5XXw2Ke9nqarS5aPbFSFlwnIT8rYJtZVf3XZc5TaoSK5Tqj5A+G4KI1IGaUa/E0dX6IXqm4+asLF8Jt97hFAvXIf34rPFRtRhj0Edazol2pKR3YCm+ZzOahEdgHbAnI3eunpJgnBe+sloHlAcOKkFicUljY/4Degs6uYrg6MSfkTjOQS3X6utayw== jwendl@THOR\n",
                "username": "jwendl"
              }
            ],
            "admin_username": "jwendl",
            "allow_extension_operations": true,
            "availability_set_id": "",
            "boot_diagnostics": [],
            "computer_name": "jwscaleavmdev-2",
            "custom_data": null,
            "dedicated_host_id": "",
            "disable_password_authentication": true,
            "encryption_at_host_enabled": false,
            "eviction_policy": "",
            "extensions_time_budget": "PT1H30M",
            "id": "/subscriptions/959965bb-d9df-4c6f-825e-37e1090d817d/resourceGroups/TestHarness/providers/Microsoft.Compute/virtualMachines/jwscaleavmdev-2",
            "identity": [],
            "location": "westus2",
            "max_bid_price": -1,
            "name": "jwscaleavmdev-2",
            "network_interface_ids": [
              "/subscriptions/959965bb-d9df-4c6f-825e-37e1090d817d/resourceGroups/TestHarness/providers/Microsoft.Network/networkInterfaces/jwscaleavmnicdev-2"
            ],
            "os_disk": [
              {
                "caching": "ReadWrite",
                "diff_disk_settings": [],
                "disk_encryption_set_id": "",
                "disk_size_gb": 30,
                "name": "jwscaleavmdev-2_OsDisk_1_38b12809832642a4a655742b72b7cb24",
                "storage_account_type": "Standard_LRS",
                "write_accelerator_enabled": false
              }
            ],
            "plan": [],
            "priority": "Regular",
            "private_ip_address": "192.168.1.14",
            "private_ip_addresses": [
              "192.168.1.14"
            ],
            "provision_vm_agent": true,
            "proximity_placement_group_id": "",
            "public_ip_address": "13.66.164.206",
            "public_ip_addresses": [
              "13.66.164.206"
            ],
            "resource_group_name": "TestHarness",
            "secret": [],
            "size": "Standard_F2",
            "source_image_id": "",
            "source_image_reference": [
              {
                "offer": "UbuntuServer",
                "publisher": "Canonical",
                "sku": "18.04-LTS",
                "version": "latest"
              }
            ],
            "tags": null,
            "timeouts": null,
            "virtual_machine_id": "51562e6c-2703-44b5-b3f7-949425885c83",
            "virtual_machine_scale_set_id": "",
            "zone": ""
          },
          "sensitive_attributes": [],
          "private": "eyJlMmJmYjczMC1lY2FhLTExZTYtOGY4OC0zNDM2M2JjN2M0YzAiOnsiY3JlYXRlIjoyNzAwMDAwMDAwMDAwLCJkZWxldGUiOjI3MDAwMDAwMDAwMDAsInJlYWQiOjMwMDAwMDAwMDAwMCwidXBkYXRlIjoyNzAwMDAwMDAwMDAwfX0=",
          "dependencies": [
            "azurerm_resource_group.test_harness_rg",
            "module.agent-vm.azurerm_network_interface.test_harness_agent_nic",
            "module.agent-vm.azurerm_public_ip.test_harness_agent_public_ip",
            "module.network.azurerm_subnet.test_harness_subnet",
            "module.network.azurerm_virtual_network.test_harness_vnet"
          ]
        },
        {
          "index_key": 3,
          "schema_version": 0,
          "attributes": {
            "additional_capabilities": [],
            "admin_password": null,
            "admin_ssh_key": [
              {
                "public_key": "ssh-rsa AAAAB3NzaC1yc2EAAAADAQABAAACAQCYoV7iMGhzkjuTcqwUqGgtDfZ+xQsoxoso7dAv/idNQDps6Z6ir1c2qUa/szTFmuL1UfrX3bCMLriILB9nDyjyunomwl4v4SlYSEgiHaWvyCY7/Ft6/IHTyI8Xz84MeewIT3nkcpcNdKtedFuZ++AFs4PaD+y5EqxUHYmdde6+NhWQv+fy2e1vlc3cGJPLjyc2m38MeJmZYeXNlwPWjC/P7ISCuE3fk0YCw3PgpokXCQYP9Pi/S5vvTplMAhrirdgh6cJLmXiAPitiCDYOvMkCcsE08YIFZS7Bz6XLhb8d1UB8RjFwNAy4bNj7Cd97oD05QvhRFGaju5nnwMHZ1AMHKpHnvg9QjETo/FJ3FrMJ/Sjx3kwW0f9wzE4IMwJc7CLhRb49OIyIblQYi2uZcWpbfDWy2gprR+703vQ1wumzl0Gh0Bp1kYFUexp14NC0st1xc/FdCq55Q7KHbKcSHO8RnA2OmNKI0w1MK4fiOO7obKMzu2BIuc5XXw2Ke9nqarS5aPbFSFlwnIT8rYJtZVf3XZc5TaoSK5Tqj5A+G4KI1IGaUa/E0dX6IXqm4+asLF8Jt97hFAvXIf34rPFRtRhj0Edazol2pKR3YCm+ZzOahEdgHbAnI3eunpJgnBe+sloHlAcOKkFicUljY/4Degs6uYrg6MSfkTjOQS3X6utayw== jwendl@THOR\n",
                "username": "jwendl"
              }
            ],
            "admin_username": "jwendl",
            "allow_extension_operations": true,
            "availability_set_id": "",
            "boot_diagnostics": [],
            "computer_name": "jwscaleavmdev-3",
            "custom_data": null,
            "dedicated_host_id": "",
            "disable_password_authentication": true,
            "encryption_at_host_enabled": false,
            "eviction_policy": "",
            "extensions_time_budget": "PT1H30M",
            "id": "/subscriptions/959965bb-d9df-4c6f-825e-37e1090d817d/resourceGroups/TestHarness/providers/Microsoft.Compute/virtualMachines/jwscaleavmdev-3",
            "identity": [],
            "location": "westus2",
            "max_bid_price": -1,
            "name": "jwscaleavmdev-3",
            "network_interface_ids": [
              "/subscriptions/959965bb-d9df-4c6f-825e-37e1090d817d/resourceGroups/TestHarness/providers/Microsoft.Network/networkInterfaces/jwscaleavmnicdev-3"
            ],
            "os_disk": [
              {
                "caching": "ReadWrite",
                "diff_disk_settings": [],
                "disk_encryption_set_id": "",
                "disk_size_gb": 30,
                "name": "jwscaleavmdev-3_OsDisk_1_0f9f900a5b044b7f88ef156683790ebe",
                "storage_account_type": "Standard_LRS",
                "write_accelerator_enabled": false
              }
            ],
            "plan": [],
            "priority": "Regular",
            "private_ip_address": "192.168.1.10",
            "private_ip_addresses": [
              "192.168.1.10"
            ],
            "provision_vm_agent": true,
            "proximity_placement_group_id": "",
            "public_ip_address": "52.183.34.140",
            "public_ip_addresses": [
              "52.183.34.140"
            ],
            "resource_group_name": "TestHarness",
            "secret": [],
            "size": "Standard_F2",
            "source_image_id": "",
            "source_image_reference": [
              {
                "offer": "UbuntuServer",
                "publisher": "Canonical",
                "sku": "18.04-LTS",
                "version": "latest"
              }
            ],
            "tags": null,
            "timeouts": null,
            "virtual_machine_id": "3dd4bd21-ef2c-43c2-867b-096d7c8ef7b8",
            "virtual_machine_scale_set_id": "",
            "zone": ""
          },
          "sensitive_attributes": [],
          "private": "eyJlMmJmYjczMC1lY2FhLTExZTYtOGY4OC0zNDM2M2JjN2M0YzAiOnsiY3JlYXRlIjoyNzAwMDAwMDAwMDAwLCJkZWxldGUiOjI3MDAwMDAwMDAwMDAsInJlYWQiOjMwMDAwMDAwMDAwMCwidXBkYXRlIjoyNzAwMDAwMDAwMDAwfX0=",
          "dependencies": [
            "azurerm_resource_group.test_harness_rg",
            "module.agent-vm.azurerm_network_interface.test_harness_agent_nic",
            "module.agent-vm.azurerm_public_ip.test_harness_agent_public_ip",
            "module.network.azurerm_subnet.test_harness_subnet",
            "module.network.azurerm_virtual_network.test_harness_vnet"
          ]
        },
        {
          "index_key": 4,
          "schema_version": 0,
          "attributes": {
            "additional_capabilities": [],
            "admin_password": null,
            "admin_ssh_key": [
              {
                "public_key": "ssh-rsa AAAAB3NzaC1yc2EAAAADAQABAAACAQCYoV7iMGhzkjuTcqwUqGgtDfZ+xQsoxoso7dAv/idNQDps6Z6ir1c2qUa/szTFmuL1UfrX3bCMLriILB9nDyjyunomwl4v4SlYSEgiHaWvyCY7/Ft6/IHTyI8Xz84MeewIT3nkcpcNdKtedFuZ++AFs4PaD+y5EqxUHYmdde6+NhWQv+fy2e1vlc3cGJPLjyc2m38MeJmZYeXNlwPWjC/P7ISCuE3fk0YCw3PgpokXCQYP9Pi/S5vvTplMAhrirdgh6cJLmXiAPitiCDYOvMkCcsE08YIFZS7Bz6XLhb8d1UB8RjFwNAy4bNj7Cd97oD05QvhRFGaju5nnwMHZ1AMHKpHnvg9QjETo/FJ3FrMJ/Sjx3kwW0f9wzE4IMwJc7CLhRb49OIyIblQYi2uZcWpbfDWy2gprR+703vQ1wumzl0Gh0Bp1kYFUexp14NC0st1xc/FdCq55Q7KHbKcSHO8RnA2OmNKI0w1MK4fiOO7obKMzu2BIuc5XXw2Ke9nqarS5aPbFSFlwnIT8rYJtZVf3XZc5TaoSK5Tqj5A+G4KI1IGaUa/E0dX6IXqm4+asLF8Jt97hFAvXIf34rPFRtRhj0Edazol2pKR3YCm+ZzOahEdgHbAnI3eunpJgnBe+sloHlAcOKkFicUljY/4Degs6uYrg6MSfkTjOQS3X6utayw== jwendl@THOR\n",
                "username": "jwendl"
              }
            ],
            "admin_username": "jwendl",
            "allow_extension_operations": true,
            "availability_set_id": "",
            "boot_diagnostics": [],
            "computer_name": "jwscaleavmdev-4",
            "custom_data": null,
            "dedicated_host_id": "",
            "disable_password_authentication": true,
            "encryption_at_host_enabled": false,
            "eviction_policy": "",
            "extensions_time_budget": "PT1H30M",
            "id": "/subscriptions/959965bb-d9df-4c6f-825e-37e1090d817d/resourceGroups/TestHarness/providers/Microsoft.Compute/virtualMachines/jwscaleavmdev-4",
            "identity": [],
            "location": "westus2",
            "max_bid_price": -1,
            "name": "jwscaleavmdev-4",
            "network_interface_ids": [
              "/subscriptions/959965bb-d9df-4c6f-825e-37e1090d817d/resourceGroups/TestHarness/providers/Microsoft.Network/networkInterfaces/jwscaleavmnicdev-4"
            ],
            "os_disk": [
              {
                "caching": "ReadWrite",
                "diff_disk_settings": [],
                "disk_encryption_set_id": "",
                "disk_size_gb": 30,
                "name": "jwscaleavmdev-4_OsDisk_1_dade230c245741129e28502c0b4a715d",
                "storage_account_type": "Standard_LRS",
                "write_accelerator_enabled": false
              }
            ],
            "plan": [],
            "priority": "Regular",
            "private_ip_address": "192.168.1.13",
            "private_ip_addresses": [
              "192.168.1.13"
            ],
            "provision_vm_agent": true,
            "proximity_placement_group_id": "",
            "public_ip_address": "13.66.159.173",
            "public_ip_addresses": [
              "13.66.159.173"
            ],
            "resource_group_name": "TestHarness",
            "secret": [],
            "size": "Standard_F2",
            "source_image_id": "",
            "source_image_reference": [
              {
                "offer": "UbuntuServer",
                "publisher": "Canonical",
                "sku": "18.04-LTS",
                "version": "latest"
              }
            ],
            "tags": null,
            "timeouts": null,
            "virtual_machine_id": "88717336-ae3d-4111-833e-ba7587e1b81b",
            "virtual_machine_scale_set_id": "",
            "zone": ""
          },
          "sensitive_attributes": [],
          "private": "eyJlMmJmYjczMC1lY2FhLTExZTYtOGY4OC0zNDM2M2JjN2M0YzAiOnsiY3JlYXRlIjoyNzAwMDAwMDAwMDAwLCJkZWxldGUiOjI3MDAwMDAwMDAwMDAsInJlYWQiOjMwMDAwMDAwMDAwMCwidXBkYXRlIjoyNzAwMDAwMDAwMDAwfX0=",
          "dependencies": [
            "azurerm_resource_group.test_harness_rg",
            "module.agent-vm.azurerm_network_interface.test_harness_agent_nic",
            "module.agent-vm.azurerm_public_ip.test_harness_agent_public_ip",
            "module.network.azurerm_subnet.test_harness_subnet",
            "module.network.azurerm_virtual_network.test_harness_vnet"
          ]
        },
        {
          "index_key": 5,
          "schema_version": 0,
          "attributes": {
            "additional_capabilities": [],
            "admin_password": null,
            "admin_ssh_key": [
              {
                "public_key": "ssh-rsa AAAAB3NzaC1yc2EAAAADAQABAAACAQCYoV7iMGhzkjuTcqwUqGgtDfZ+xQsoxoso7dAv/idNQDps6Z6ir1c2qUa/szTFmuL1UfrX3bCMLriILB9nDyjyunomwl4v4SlYSEgiHaWvyCY7/Ft6/IHTyI8Xz84MeewIT3nkcpcNdKtedFuZ++AFs4PaD+y5EqxUHYmdde6+NhWQv+fy2e1vlc3cGJPLjyc2m38MeJmZYeXNlwPWjC/P7ISCuE3fk0YCw3PgpokXCQYP9Pi/S5vvTplMAhrirdgh6cJLmXiAPitiCDYOvMkCcsE08YIFZS7Bz6XLhb8d1UB8RjFwNAy4bNj7Cd97oD05QvhRFGaju5nnwMHZ1AMHKpHnvg9QjETo/FJ3FrMJ/Sjx3kwW0f9wzE4IMwJc7CLhRb49OIyIblQYi2uZcWpbfDWy2gprR+703vQ1wumzl0Gh0Bp1kYFUexp14NC0st1xc/FdCq55Q7KHbKcSHO8RnA2OmNKI0w1MK4fiOO7obKMzu2BIuc5XXw2Ke9nqarS5aPbFSFlwnIT8rYJtZVf3XZc5TaoSK5Tqj5A+G4KI1IGaUa/E0dX6IXqm4+asLF8Jt97hFAvXIf34rPFRtRhj0Edazol2pKR3YCm+ZzOahEdgHbAnI3eunpJgnBe+sloHlAcOKkFicUljY/4Degs6uYrg6MSfkTjOQS3X6utayw== jwendl@THOR\n",
                "username": "jwendl"
              }
            ],
            "admin_username": "jwendl",
            "allow_extension_operations": true,
            "availability_set_id": "",
            "boot_diagnostics": [],
            "computer_name": "jwscaleavmdev-5",
            "custom_data": null,
            "dedicated_host_id": "",
            "disable_password_authentication": true,
            "encryption_at_host_enabled": false,
            "eviction_policy": "",
            "extensions_time_budget": "PT1H30M",
            "id": "/subscriptions/959965bb-d9df-4c6f-825e-37e1090d817d/resourceGroups/TestHarness/providers/Microsoft.Compute/virtualMachines/jwscaleavmdev-5",
            "identity": [],
            "location": "westus2",
            "max_bid_price": -1,
            "name": "jwscaleavmdev-5",
            "network_interface_ids": [
              "/subscriptions/959965bb-d9df-4c6f-825e-37e1090d817d/resourceGroups/TestHarness/providers/Microsoft.Network/networkInterfaces/jwscaleavmnicdev-5"
            ],
            "os_disk": [
              {
                "caching": "ReadWrite",
                "diff_disk_settings": [],
                "disk_encryption_set_id": "",
                "disk_size_gb": 30,
                "name": "jwscaleavmdev-5_OsDisk_1_e94fdf9645314e029d7725fbba2729e5",
                "storage_account_type": "Standard_LRS",
                "write_accelerator_enabled": false
              }
            ],
            "plan": [],
            "priority": "Regular",
            "private_ip_address": "192.168.1.11",
            "private_ip_addresses": [
              "192.168.1.11"
            ],
            "provision_vm_agent": true,
            "proximity_placement_group_id": "",
            "public_ip_address": "52.183.37.213",
            "public_ip_addresses": [
              "52.183.37.213"
            ],
            "resource_group_name": "TestHarness",
            "secret": [],
            "size": "Standard_F2",
            "source_image_id": "",
            "source_image_reference": [
              {
                "offer": "UbuntuServer",
                "publisher": "Canonical",
                "sku": "18.04-LTS",
                "version": "latest"
              }
            ],
            "tags": null,
            "timeouts": null,
            "virtual_machine_id": "d8dd7272-6c69-4401-bd7a-11d7536e5ec7",
            "virtual_machine_scale_set_id": "",
            "zone": ""
          },
          "sensitive_attributes": [],
          "private": "eyJlMmJmYjczMC1lY2FhLTExZTYtOGY4OC0zNDM2M2JjN2M0YzAiOnsiY3JlYXRlIjoyNzAwMDAwMDAwMDAwLCJkZWxldGUiOjI3MDAwMDAwMDAwMDAsInJlYWQiOjMwMDAwMDAwMDAwMCwidXBkYXRlIjoyNzAwMDAwMDAwMDAwfX0=",
          "dependencies": [
            "azurerm_resource_group.test_harness_rg",
            "module.agent-vm.azurerm_network_interface.test_harness_agent_nic",
            "module.agent-vm.azurerm_public_ip.test_harness_agent_public_ip",
            "module.network.azurerm_subnet.test_harness_subnet",
            "module.network.azurerm_virtual_network.test_harness_vnet"
          ]
        },
        {
          "index_key": 6,
          "schema_version": 0,
          "attributes": {
            "additional_capabilities": [],
            "admin_password": null,
            "admin_ssh_key": [
              {
                "public_key": "ssh-rsa AAAAB3NzaC1yc2EAAAADAQABAAACAQCYoV7iMGhzkjuTcqwUqGgtDfZ+xQsoxoso7dAv/idNQDps6Z6ir1c2qUa/szTFmuL1UfrX3bCMLriILB9nDyjyunomwl4v4SlYSEgiHaWvyCY7/Ft6/IHTyI8Xz84MeewIT3nkcpcNdKtedFuZ++AFs4PaD+y5EqxUHYmdde6+NhWQv+fy2e1vlc3cGJPLjyc2m38MeJmZYeXNlwPWjC/P7ISCuE3fk0YCw3PgpokXCQYP9Pi/S5vvTplMAhrirdgh6cJLmXiAPitiCDYOvMkCcsE08YIFZS7Bz6XLhb8d1UB8RjFwNAy4bNj7Cd97oD05QvhRFGaju5nnwMHZ1AMHKpHnvg9QjETo/FJ3FrMJ/Sjx3kwW0f9wzE4IMwJc7CLhRb49OIyIblQYi2uZcWpbfDWy2gprR+703vQ1wumzl0Gh0Bp1kYFUexp14NC0st1xc/FdCq55Q7KHbKcSHO8RnA2OmNKI0w1MK4fiOO7obKMzu2BIuc5XXw2Ke9nqarS5aPbFSFlwnIT8rYJtZVf3XZc5TaoSK5Tqj5A+G4KI1IGaUa/E0dX6IXqm4+asLF8Jt97hFAvXIf34rPFRtRhj0Edazol2pKR3YCm+ZzOahEdgHbAnI3eunpJgnBe+sloHlAcOKkFicUljY/4Degs6uYrg6MSfkTjOQS3X6utayw== jwendl@THOR\n",
                "username": "jwendl"
              }
            ],
            "admin_username": "jwendl",
            "allow_extension_operations": true,
            "availability_set_id": "",
            "boot_diagnostics": [],
            "computer_name": "jwscaleavmdev-6",
            "custom_data": null,
            "dedicated_host_id": "",
            "disable_password_authentication": true,
            "encryption_at_host_enabled": false,
            "eviction_policy": "",
            "extensions_time_budget": "PT1H30M",
            "id": "/subscriptions/959965bb-d9df-4c6f-825e-37e1090d817d/resourceGroups/TestHarness/providers/Microsoft.Compute/virtualMachines/jwscaleavmdev-6",
            "identity": [],
            "location": "westus2",
            "max_bid_price": -1,
            "name": "jwscaleavmdev-6",
            "network_interface_ids": [
              "/subscriptions/959965bb-d9df-4c6f-825e-37e1090d817d/resourceGroups/TestHarness/providers/Microsoft.Network/networkInterfaces/jwscaleavmnicdev-6"
            ],
            "os_disk": [
              {
                "caching": "ReadWrite",
                "diff_disk_settings": [],
                "disk_encryption_set_id": "",
                "disk_size_gb": 30,
                "name": "jwscaleavmdev-6_OsDisk_1_f4d3c4223694456d8c525313f49d428c",
                "storage_account_type": "Standard_LRS",
                "write_accelerator_enabled": false
              }
            ],
            "plan": [],
            "priority": "Regular",
            "private_ip_address": "192.168.1.12",
            "private_ip_addresses": [
              "192.168.1.12"
            ],
            "provision_vm_agent": true,
            "proximity_placement_group_id": "",
            "public_ip_address": "52.183.0.105",
            "public_ip_addresses": [
              "52.183.0.105"
            ],
            "resource_group_name": "TestHarness",
            "secret": [],
            "size": "Standard_F2",
            "source_image_id": "",
            "source_image_reference": [
              {
                "offer": "UbuntuServer",
                "publisher": "Canonical",
                "sku": "18.04-LTS",
                "version": "latest"
              }
            ],
            "tags": null,
            "timeouts": null,
            "virtual_machine_id": "162da707-2b26-49f8-831a-810865a4e690",
            "virtual_machine_scale_set_id": "",
            "zone": ""
          },
          "sensitive_attributes": [],
          "private": "eyJlMmJmYjczMC1lY2FhLTExZTYtOGY4OC0zNDM2M2JjN2M0YzAiOnsiY3JlYXRlIjoyNzAwMDAwMDAwMDAwLCJkZWxldGUiOjI3MDAwMDAwMDAwMDAsInJlYWQiOjMwMDAwMDAwMDAwMCwidXBkYXRlIjoyNzAwMDAwMDAwMDAwfX0=",
          "dependencies": [
            "azurerm_resource_group.test_harness_rg",
            "module.agent-vm.azurerm_network_interface.test_harness_agent_nic",
            "module.agent-vm.azurerm_public_ip.test_harness_agent_public_ip",
            "module.network.azurerm_subnet.test_harness_subnet",
            "module.network.azurerm_virtual_network.test_harness_vnet"
          ]
        },
        {
          "index_key": 7,
          "schema_version": 0,
          "attributes": {
            "additional_capabilities": [],
            "admin_password": null,
            "admin_ssh_key": [
              {
                "public_key": "ssh-rsa AAAAB3NzaC1yc2EAAAADAQABAAACAQCYoV7iMGhzkjuTcqwUqGgtDfZ+xQsoxoso7dAv/idNQDps6Z6ir1c2qUa/szTFmuL1UfrX3bCMLriILB9nDyjyunomwl4v4SlYSEgiHaWvyCY7/Ft6/IHTyI8Xz84MeewIT3nkcpcNdKtedFuZ++AFs4PaD+y5EqxUHYmdde6+NhWQv+fy2e1vlc3cGJPLjyc2m38MeJmZYeXNlwPWjC/P7ISCuE3fk0YCw3PgpokXCQYP9Pi/S5vvTplMAhrirdgh6cJLmXiAPitiCDYOvMkCcsE08YIFZS7Bz6XLhb8d1UB8RjFwNAy4bNj7Cd97oD05QvhRFGaju5nnwMHZ1AMHKpHnvg9QjETo/FJ3FrMJ/Sjx3kwW0f9wzE4IMwJc7CLhRb49OIyIblQYi2uZcWpbfDWy2gprR+703vQ1wumzl0Gh0Bp1kYFUexp14NC0st1xc/FdCq55Q7KHbKcSHO8RnA2OmNKI0w1MK4fiOO7obKMzu2BIuc5XXw2Ke9nqarS5aPbFSFlwnIT8rYJtZVf3XZc5TaoSK5Tqj5A+G4KI1IGaUa/E0dX6IXqm4+asLF8Jt97hFAvXIf34rPFRtRhj0Edazol2pKR3YCm+ZzOahEdgHbAnI3eunpJgnBe+sloHlAcOKkFicUljY/4Degs6uYrg6MSfkTjOQS3X6utayw== jwendl@THOR\n",
                "username": "jwendl"
              }
            ],
            "admin_username": "jwendl",
            "allow_extension_operations": true,
            "availability_set_id": "",
            "boot_diagnostics": [],
            "computer_name": "jwscaleavmdev-7",
            "custom_data": null,
            "dedicated_host_id": "",
            "disable_password_authentication": true,
            "encryption_at_host_enabled": false,
            "eviction_policy": "",
            "extensions_time_budget": "PT1H30M",
            "id": "/subscriptions/959965bb-d9df-4c6f-825e-37e1090d817d/resourceGroups/TestHarness/providers/Microsoft.Compute/virtualMachines/jwscaleavmdev-7",
            "identity": [],
            "location": "westus2",
            "max_bid_price": -1,
            "name": "jwscaleavmdev-7",
            "network_interface_ids": [
              "/subscriptions/959965bb-d9df-4c6f-825e-37e1090d817d/resourceGroups/TestHarness/providers/Microsoft.Network/networkInterfaces/jwscaleavmnicdev-7"
            ],
            "os_disk": [
              {
                "caching": "ReadWrite",
                "diff_disk_settings": [],
                "disk_encryption_set_id": "",
                "disk_size_gb": 30,
                "name": "jwscaleavmdev-7_OsDisk_1_8ca46ffb2b4d4202a3f051e517b04894",
                "storage_account_type": "Standard_LRS",
                "write_accelerator_enabled": false
              }
            ],
            "plan": [],
            "priority": "Regular",
            "private_ip_address": "192.168.1.7",
            "private_ip_addresses": [
              "192.168.1.7"
            ],
            "provision_vm_agent": true,
            "proximity_placement_group_id": "",
            "public_ip_address": "52.183.35.241",
            "public_ip_addresses": [
              "52.183.35.241"
            ],
            "resource_group_name": "TestHarness",
            "secret": [],
            "size": "Standard_F2",
            "source_image_id": "",
            "source_image_reference": [
              {
                "offer": "UbuntuServer",
                "publisher": "Canonical",
                "sku": "18.04-LTS",
                "version": "latest"
              }
            ],
            "tags": null,
            "timeouts": null,
            "virtual_machine_id": "e3e08512-6b70-43d0-80a1-8faf6b93876b",
            "virtual_machine_scale_set_id": "",
            "zone": ""
          },
          "sensitive_attributes": [],
          "private": "eyJlMmJmYjczMC1lY2FhLTExZTYtOGY4OC0zNDM2M2JjN2M0YzAiOnsiY3JlYXRlIjoyNzAwMDAwMDAwMDAwLCJkZWxldGUiOjI3MDAwMDAwMDAwMDAsInJlYWQiOjMwMDAwMDAwMDAwMCwidXBkYXRlIjoyNzAwMDAwMDAwMDAwfX0=",
          "dependencies": [
            "azurerm_resource_group.test_harness_rg",
            "module.agent-vm.azurerm_network_interface.test_harness_agent_nic",
            "module.agent-vm.azurerm_public_ip.test_harness_agent_public_ip",
            "module.network.azurerm_subnet.test_harness_subnet",
            "module.network.azurerm_virtual_network.test_harness_vnet"
          ]
        },
        {
          "index_key": 8,
          "schema_version": 0,
          "attributes": {
            "additional_capabilities": [],
            "admin_password": null,
            "admin_ssh_key": [
              {
                "public_key": "ssh-rsa AAAAB3NzaC1yc2EAAAADAQABAAACAQCYoV7iMGhzkjuTcqwUqGgtDfZ+xQsoxoso7dAv/idNQDps6Z6ir1c2qUa/szTFmuL1UfrX3bCMLriILB9nDyjyunomwl4v4SlYSEgiHaWvyCY7/Ft6/IHTyI8Xz84MeewIT3nkcpcNdKtedFuZ++AFs4PaD+y5EqxUHYmdde6+NhWQv+fy2e1vlc3cGJPLjyc2m38MeJmZYeXNlwPWjC/P7ISCuE3fk0YCw3PgpokXCQYP9Pi/S5vvTplMAhrirdgh6cJLmXiAPitiCDYOvMkCcsE08YIFZS7Bz6XLhb8d1UB8RjFwNAy4bNj7Cd97oD05QvhRFGaju5nnwMHZ1AMHKpHnvg9QjETo/FJ3FrMJ/Sjx3kwW0f9wzE4IMwJc7CLhRb49OIyIblQYi2uZcWpbfDWy2gprR+703vQ1wumzl0Gh0Bp1kYFUexp14NC0st1xc/FdCq55Q7KHbKcSHO8RnA2OmNKI0w1MK4fiOO7obKMzu2BIuc5XXw2Ke9nqarS5aPbFSFlwnIT8rYJtZVf3XZc5TaoSK5Tqj5A+G4KI1IGaUa/E0dX6IXqm4+asLF8Jt97hFAvXIf34rPFRtRhj0Edazol2pKR3YCm+ZzOahEdgHbAnI3eunpJgnBe+sloHlAcOKkFicUljY/4Degs6uYrg6MSfkTjOQS3X6utayw== jwendl@THOR\n",
                "username": "jwendl"
              }
            ],
            "admin_username": "jwendl",
            "allow_extension_operations": true,
            "availability_set_id": "",
            "boot_diagnostics": [],
            "computer_name": "jwscaleavmdev-8",
            "custom_data": null,
            "dedicated_host_id": "",
            "disable_password_authentication": true,
            "encryption_at_host_enabled": false,
            "eviction_policy": "",
            "extensions_time_budget": "PT1H30M",
            "id": "/subscriptions/959965bb-d9df-4c6f-825e-37e1090d817d/resourceGroups/TestHarness/providers/Microsoft.Compute/virtualMachines/jwscaleavmdev-8",
            "identity": [],
            "location": "westus2",
            "max_bid_price": -1,
            "name": "jwscaleavmdev-8",
            "network_interface_ids": [
              "/subscriptions/959965bb-d9df-4c6f-825e-37e1090d817d/resourceGroups/TestHarness/providers/Microsoft.Network/networkInterfaces/jwscaleavmnicdev-8"
            ],
            "os_disk": [
              {
                "caching": "ReadWrite",
                "diff_disk_settings": [],
                "disk_encryption_set_id": "",
                "disk_size_gb": 30,
                "name": "jwscaleavmdev-8_OsDisk_1_8edaab48a5ed4b45bd9efaba13a9a690",
                "storage_account_type": "Standard_LRS",
                "write_accelerator_enabled": false
              }
            ],
            "plan": [],
            "priority": "Regular",
            "private_ip_address": "192.168.1.9",
            "private_ip_addresses": [
              "192.168.1.9"
            ],
            "provision_vm_agent": true,
            "proximity_placement_group_id": "",
            "public_ip_address": "52.183.33.194",
            "public_ip_addresses": [
              "52.183.33.194"
            ],
            "resource_group_name": "TestHarness",
            "secret": [],
            "size": "Standard_F2",
            "source_image_id": "",
            "source_image_reference": [
              {
                "offer": "UbuntuServer",
                "publisher": "Canonical",
                "sku": "18.04-LTS",
                "version": "latest"
              }
            ],
            "tags": null,
            "timeouts": null,
            "virtual_machine_id": "84db3312-518d-43be-8cf1-5c30f22eba9b",
            "virtual_machine_scale_set_id": "",
            "zone": ""
          },
          "sensitive_attributes": [],
          "private": "eyJlMmJmYjczMC1lY2FhLTExZTYtOGY4OC0zNDM2M2JjN2M0YzAiOnsiY3JlYXRlIjoyNzAwMDAwMDAwMDAwLCJkZWxldGUiOjI3MDAwMDAwMDAwMDAsInJlYWQiOjMwMDAwMDAwMDAwMCwidXBkYXRlIjoyNzAwMDAwMDAwMDAwfX0=",
          "dependencies": [
            "azurerm_resource_group.test_harness_rg",
            "module.agent-vm.azurerm_network_interface.test_harness_agent_nic",
            "module.agent-vm.azurerm_public_ip.test_harness_agent_public_ip",
            "module.network.azurerm_subnet.test_harness_subnet",
            "module.network.azurerm_virtual_network.test_harness_vnet"
          ]
        },
        {
          "index_key": 9,
          "schema_version": 0,
          "attributes": {
            "additional_capabilities": [],
            "admin_password": null,
            "admin_ssh_key": [
              {
                "public_key": "ssh-rsa AAAAB3NzaC1yc2EAAAADAQABAAACAQCYoV7iMGhzkjuTcqwUqGgtDfZ+xQsoxoso7dAv/idNQDps6Z6ir1c2qUa/szTFmuL1UfrX3bCMLriILB9nDyjyunomwl4v4SlYSEgiHaWvyCY7/Ft6/IHTyI8Xz84MeewIT3nkcpcNdKtedFuZ++AFs4PaD+y5EqxUHYmdde6+NhWQv+fy2e1vlc3cGJPLjyc2m38MeJmZYeXNlwPWjC/P7ISCuE3fk0YCw3PgpokXCQYP9Pi/S5vvTplMAhrirdgh6cJLmXiAPitiCDYOvMkCcsE08YIFZS7Bz6XLhb8d1UB8RjFwNAy4bNj7Cd97oD05QvhRFGaju5nnwMHZ1AMHKpHnvg9QjETo/FJ3FrMJ/Sjx3kwW0f9wzE4IMwJc7CLhRb49OIyIblQYi2uZcWpbfDWy2gprR+703vQ1wumzl0Gh0Bp1kYFUexp14NC0st1xc/FdCq55Q7KHbKcSHO8RnA2OmNKI0w1MK4fiOO7obKMzu2BIuc5XXw2Ke9nqarS5aPbFSFlwnIT8rYJtZVf3XZc5TaoSK5Tqj5A+G4KI1IGaUa/E0dX6IXqm4+asLF8Jt97hFAvXIf34rPFRtRhj0Edazol2pKR3YCm+ZzOahEdgHbAnI3eunpJgnBe+sloHlAcOKkFicUljY/4Degs6uYrg6MSfkTjOQS3X6utayw== jwendl@THOR\n",
                "username": "jwendl"
              }
            ],
            "admin_username": "jwendl",
            "allow_extension_operations": true,
            "availability_set_id": "",
            "boot_diagnostics": [],
            "computer_name": "jwscaleavmdev-9",
            "custom_data": null,
            "dedicated_host_id": "",
            "disable_password_authentication": true,
            "encryption_at_host_enabled": false,
            "eviction_policy": "",
            "extensions_time_budget": "PT1H30M",
            "id": "/subscriptions/959965bb-d9df-4c6f-825e-37e1090d817d/resourceGroups/TestHarness/providers/Microsoft.Compute/virtualMachines/jwscaleavmdev-9",
            "identity": [],
            "location": "westus2",
            "max_bid_price": -1,
            "name": "jwscaleavmdev-9",
            "network_interface_ids": [
              "/subscriptions/959965bb-d9df-4c6f-825e-37e1090d817d/resourceGroups/TestHarness/providers/Microsoft.Network/networkInterfaces/jwscaleavmnicdev-9"
            ],
            "os_disk": [
              {
                "caching": "ReadWrite",
                "diff_disk_settings": [],
                "disk_encryption_set_id": "",
                "disk_size_gb": 30,
                "name": "jwscaleavmdev-9_OsDisk_1_0bbebcd5359541ad9416392d90629e6f",
                "storage_account_type": "Standard_LRS",
                "write_accelerator_enabled": false
              }
            ],
            "plan": [],
            "priority": "Regular",
            "private_ip_address": "192.168.1.4",
            "private_ip_addresses": [
              "192.168.1.4"
            ],
            "provision_vm_agent": true,
            "proximity_placement_group_id": "",
            "public_ip_address": "52.183.24.69",
            "public_ip_addresses": [
              "52.183.24.69"
            ],
            "resource_group_name": "TestHarness",
            "secret": [],
            "size": "Standard_F2",
            "source_image_id": "",
            "source_image_reference": [
              {
                "offer": "UbuntuServer",
                "publisher": "Canonical",
                "sku": "18.04-LTS",
                "version": "latest"
              }
            ],
            "tags": null,
            "timeouts": null,
            "virtual_machine_id": "4985b060-f831-4102-aa16-ea604b46131f",
            "virtual_machine_scale_set_id": "",
            "zone": ""
          },
          "sensitive_attributes": [],
          "private": "eyJlMmJmYjczMC1lY2FhLTExZTYtOGY4OC0zNDM2M2JjN2M0YzAiOnsiY3JlYXRlIjoyNzAwMDAwMDAwMDAwLCJkZWxldGUiOjI3MDAwMDAwMDAwMDAsInJlYWQiOjMwMDAwMDAwMDAwMCwidXBkYXRlIjoyNzAwMDAwMDAwMDAwfX0=",
          "dependencies": [
            "azurerm_resource_group.test_harness_rg",
            "module.agent-vm.azurerm_network_interface.test_harness_agent_nic",
            "module.agent-vm.azurerm_public_ip.test_harness_agent_public_ip",
            "module.network.azurerm_subnet.test_harness_subnet",
            "module.network.azurerm_virtual_network.test_harness_vnet"
          ]
        }
      ]
    },
    {
      "module": "module.agent-vm",
      "mode": "managed",
      "type": "azurerm_network_interface",
      "name": "test_harness_agent_nic",
      "provider": "provider[\"registry.terraform.io/hashicorp/azurerm\"]",
      "instances": [
        {
          "index_key": 0,
          "schema_version": 0,
          "attributes": {
            "applied_dns_servers": [],
            "dns_servers": [],
            "enable_accelerated_networking": false,
            "enable_ip_forwarding": false,
            "id": "/subscriptions/959965bb-d9df-4c6f-825e-37e1090d817d/resourceGroups/TestHarness/providers/Microsoft.Network/networkInterfaces/jwscaleavmnicdev-0",
            "internal_dns_name_label": "",
            "internal_domain_name_suffix": "pl2ejudkxvqu3eguvxpubd1lqd.xx.internal.cloudapp.net",
            "ip_configuration": [
              {
                "name": "internal",
                "primary": true,
                "private_ip_address": "192.168.1.6",
                "private_ip_address_allocation": "Dynamic",
                "private_ip_address_version": "IPv4",
                "public_ip_address_id": "/subscriptions/959965bb-d9df-4c6f-825e-37e1090d817d/resourceGroups/TestHarness/providers/Microsoft.Network/publicIPAddresses/jwscaleavmpipdev-0",
                "subnet_id": "/subscriptions/959965bb-d9df-4c6f-825e-37e1090d817d/resourceGroups/TestHarness/providers/Microsoft.Network/virtualNetworks/jwscalevnetdev/subnets/jwscalesubdev"
              }
            ],
            "location": "westus2",
            "mac_address": "",
            "name": "jwscaleavmnicdev-0",
            "private_ip_address": "192.168.1.6",
            "private_ip_addresses": [
              "192.168.1.6"
            ],
            "resource_group_name": "TestHarness",
            "tags": null,
            "timeouts": null,
            "virtual_machine_id": ""
          },
          "sensitive_attributes": [],
          "private": "eyJlMmJmYjczMC1lY2FhLTExZTYtOGY4OC0zNDM2M2JjN2M0YzAiOnsiY3JlYXRlIjoxODAwMDAwMDAwMDAwLCJkZWxldGUiOjE4MDAwMDAwMDAwMDAsInJlYWQiOjMwMDAwMDAwMDAwMCwidXBkYXRlIjoxODAwMDAwMDAwMDAwfX0=",
          "dependencies": [
            "azurerm_resource_group.test_harness_rg",
            "module.agent-vm.azurerm_public_ip.test_harness_agent_public_ip",
            "module.network.azurerm_subnet.test_harness_subnet",
            "module.network.azurerm_virtual_network.test_harness_vnet"
          ]
        },
        {
          "index_key": 1,
          "schema_version": 0,
          "attributes": {
            "applied_dns_servers": [],
            "dns_servers": [],
            "enable_accelerated_networking": false,
            "enable_ip_forwarding": false,
            "id": "/subscriptions/959965bb-d9df-4c6f-825e-37e1090d817d/resourceGroups/TestHarness/providers/Microsoft.Network/networkInterfaces/jwscaleavmnicdev-1",
            "internal_dns_name_label": "",
            "internal_domain_name_suffix": "pl2ejudkxvqu3eguvxpubd1lqd.xx.internal.cloudapp.net",
            "ip_configuration": [
              {
                "name": "internal",
                "primary": true,
                "private_ip_address": "192.168.1.8",
                "private_ip_address_allocation": "Dynamic",
                "private_ip_address_version": "IPv4",
                "public_ip_address_id": "/subscriptions/959965bb-d9df-4c6f-825e-37e1090d817d/resourceGroups/TestHarness/providers/Microsoft.Network/publicIPAddresses/jwscaleavmpipdev-1",
                "subnet_id": "/subscriptions/959965bb-d9df-4c6f-825e-37e1090d817d/resourceGroups/TestHarness/providers/Microsoft.Network/virtualNetworks/jwscalevnetdev/subnets/jwscalesubdev"
              }
            ],
            "location": "westus2",
            "mac_address": "",
            "name": "jwscaleavmnicdev-1",
            "private_ip_address": "192.168.1.8",
            "private_ip_addresses": [
              "192.168.1.8"
            ],
            "resource_group_name": "TestHarness",
            "tags": null,
            "timeouts": null,
            "virtual_machine_id": ""
          },
          "sensitive_attributes": [],
          "private": "eyJlMmJmYjczMC1lY2FhLTExZTYtOGY4OC0zNDM2M2JjN2M0YzAiOnsiY3JlYXRlIjoxODAwMDAwMDAwMDAwLCJkZWxldGUiOjE4MDAwMDAwMDAwMDAsInJlYWQiOjMwMDAwMDAwMDAwMCwidXBkYXRlIjoxODAwMDAwMDAwMDAwfX0=",
          "dependencies": [
            "azurerm_resource_group.test_harness_rg",
            "module.agent-vm.azurerm_public_ip.test_harness_agent_public_ip",
            "module.network.azurerm_subnet.test_harness_subnet",
            "module.network.azurerm_virtual_network.test_harness_vnet"
          ]
        },
        {
          "index_key": 2,
          "schema_version": 0,
          "attributes": {
            "applied_dns_servers": [],
            "dns_servers": [],
            "enable_accelerated_networking": false,
            "enable_ip_forwarding": false,
            "id": "/subscriptions/959965bb-d9df-4c6f-825e-37e1090d817d/resourceGroups/TestHarness/providers/Microsoft.Network/networkInterfaces/jwscaleavmnicdev-2",
            "internal_dns_name_label": "",
            "internal_domain_name_suffix": "pl2ejudkxvqu3eguvxpubd1lqd.xx.internal.cloudapp.net",
            "ip_configuration": [
              {
                "name": "internal",
                "primary": true,
                "private_ip_address": "192.168.1.14",
                "private_ip_address_allocation": "Dynamic",
                "private_ip_address_version": "IPv4",
                "public_ip_address_id": "/subscriptions/959965bb-d9df-4c6f-825e-37e1090d817d/resourceGroups/TestHarness/providers/Microsoft.Network/publicIPAddresses/jwscaleavmpipdev-2",
                "subnet_id": "/subscriptions/959965bb-d9df-4c6f-825e-37e1090d817d/resourceGroups/TestHarness/providers/Microsoft.Network/virtualNetworks/jwscalevnetdev/subnets/jwscalesubdev"
              }
            ],
            "location": "westus2",
            "mac_address": "",
            "name": "jwscaleavmnicdev-2",
            "private_ip_address": "192.168.1.14",
            "private_ip_addresses": [
              "192.168.1.14"
            ],
            "resource_group_name": "TestHarness",
            "tags": null,
            "timeouts": null,
            "virtual_machine_id": ""
          },
          "sensitive_attributes": [],
          "private": "eyJlMmJmYjczMC1lY2FhLTExZTYtOGY4OC0zNDM2M2JjN2M0YzAiOnsiY3JlYXRlIjoxODAwMDAwMDAwMDAwLCJkZWxldGUiOjE4MDAwMDAwMDAwMDAsInJlYWQiOjMwMDAwMDAwMDAwMCwidXBkYXRlIjoxODAwMDAwMDAwMDAwfX0=",
          "dependencies": [
            "azurerm_resource_group.test_harness_rg",
            "module.agent-vm.azurerm_public_ip.test_harness_agent_public_ip",
            "module.network.azurerm_subnet.test_harness_subnet",
            "module.network.azurerm_virtual_network.test_harness_vnet"
          ]
        },
        {
          "index_key": 3,
          "schema_version": 0,
          "attributes": {
            "applied_dns_servers": [],
            "dns_servers": [],
            "enable_accelerated_networking": false,
            "enable_ip_forwarding": false,
            "id": "/subscriptions/959965bb-d9df-4c6f-825e-37e1090d817d/resourceGroups/TestHarness/providers/Microsoft.Network/networkInterfaces/jwscaleavmnicdev-3",
            "internal_dns_name_label": "",
            "internal_domain_name_suffix": "pl2ejudkxvqu3eguvxpubd1lqd.xx.internal.cloudapp.net",
            "ip_configuration": [
              {
                "name": "internal",
                "primary": true,
                "private_ip_address": "192.168.1.10",
                "private_ip_address_allocation": "Dynamic",
                "private_ip_address_version": "IPv4",
                "public_ip_address_id": "/subscriptions/959965bb-d9df-4c6f-825e-37e1090d817d/resourceGroups/TestHarness/providers/Microsoft.Network/publicIPAddresses/jwscaleavmpipdev-3",
                "subnet_id": "/subscriptions/959965bb-d9df-4c6f-825e-37e1090d817d/resourceGroups/TestHarness/providers/Microsoft.Network/virtualNetworks/jwscalevnetdev/subnets/jwscalesubdev"
              }
            ],
            "location": "westus2",
            "mac_address": "",
            "name": "jwscaleavmnicdev-3",
            "private_ip_address": "192.168.1.10",
            "private_ip_addresses": [
              "192.168.1.10"
            ],
            "resource_group_name": "TestHarness",
            "tags": null,
            "timeouts": null,
            "virtual_machine_id": ""
          },
          "sensitive_attributes": [],
          "private": "eyJlMmJmYjczMC1lY2FhLTExZTYtOGY4OC0zNDM2M2JjN2M0YzAiOnsiY3JlYXRlIjoxODAwMDAwMDAwMDAwLCJkZWxldGUiOjE4MDAwMDAwMDAwMDAsInJlYWQiOjMwMDAwMDAwMDAwMCwidXBkYXRlIjoxODAwMDAwMDAwMDAwfX0=",
          "dependencies": [
            "azurerm_resource_group.test_harness_rg",
            "module.agent-vm.azurerm_public_ip.test_harness_agent_public_ip",
            "module.network.azurerm_subnet.test_harness_subnet",
            "module.network.azurerm_virtual_network.test_harness_vnet"
          ]
        },
        {
          "index_key": 4,
          "schema_version": 0,
          "attributes": {
            "applied_dns_servers": [],
            "dns_servers": [],
            "enable_accelerated_networking": false,
            "enable_ip_forwarding": false,
            "id": "/subscriptions/959965bb-d9df-4c6f-825e-37e1090d817d/resourceGroups/TestHarness/providers/Microsoft.Network/networkInterfaces/jwscaleavmnicdev-4",
            "internal_dns_name_label": "",
            "internal_domain_name_suffix": "pl2ejudkxvqu3eguvxpubd1lqd.xx.internal.cloudapp.net",
            "ip_configuration": [
              {
                "name": "internal",
                "primary": true,
                "private_ip_address": "192.168.1.13",
                "private_ip_address_allocation": "Dynamic",
                "private_ip_address_version": "IPv4",
                "public_ip_address_id": "/subscriptions/959965bb-d9df-4c6f-825e-37e1090d817d/resourceGroups/TestHarness/providers/Microsoft.Network/publicIPAddresses/jwscaleavmpipdev-4",
                "subnet_id": "/subscriptions/959965bb-d9df-4c6f-825e-37e1090d817d/resourceGroups/TestHarness/providers/Microsoft.Network/virtualNetworks/jwscalevnetdev/subnets/jwscalesubdev"
              }
            ],
            "location": "westus2",
            "mac_address": "",
            "name": "jwscaleavmnicdev-4",
            "private_ip_address": "192.168.1.13",
            "private_ip_addresses": [
              "192.168.1.13"
            ],
            "resource_group_name": "TestHarness",
            "tags": null,
            "timeouts": null,
            "virtual_machine_id": ""
          },
          "sensitive_attributes": [],
          "private": "eyJlMmJmYjczMC1lY2FhLTExZTYtOGY4OC0zNDM2M2JjN2M0YzAiOnsiY3JlYXRlIjoxODAwMDAwMDAwMDAwLCJkZWxldGUiOjE4MDAwMDAwMDAwMDAsInJlYWQiOjMwMDAwMDAwMDAwMCwidXBkYXRlIjoxODAwMDAwMDAwMDAwfX0=",
          "dependencies": [
            "azurerm_resource_group.test_harness_rg",
            "module.agent-vm.azurerm_public_ip.test_harness_agent_public_ip",
            "module.network.azurerm_subnet.test_harness_subnet",
            "module.network.azurerm_virtual_network.test_harness_vnet"
          ]
        },
        {
          "index_key": 5,
          "schema_version": 0,
          "attributes": {
            "applied_dns_servers": [],
            "dns_servers": [],
            "enable_accelerated_networking": false,
            "enable_ip_forwarding": false,
            "id": "/subscriptions/959965bb-d9df-4c6f-825e-37e1090d817d/resourceGroups/TestHarness/providers/Microsoft.Network/networkInterfaces/jwscaleavmnicdev-5",
            "internal_dns_name_label": "",
            "internal_domain_name_suffix": "pl2ejudkxvqu3eguvxpubd1lqd.xx.internal.cloudapp.net",
            "ip_configuration": [
              {
                "name": "internal",
                "primary": true,
                "private_ip_address": "192.168.1.11",
                "private_ip_address_allocation": "Dynamic",
                "private_ip_address_version": "IPv4",
                "public_ip_address_id": "/subscriptions/959965bb-d9df-4c6f-825e-37e1090d817d/resourceGroups/TestHarness/providers/Microsoft.Network/publicIPAddresses/jwscaleavmpipdev-5",
                "subnet_id": "/subscriptions/959965bb-d9df-4c6f-825e-37e1090d817d/resourceGroups/TestHarness/providers/Microsoft.Network/virtualNetworks/jwscalevnetdev/subnets/jwscalesubdev"
              }
            ],
            "location": "westus2",
            "mac_address": "",
            "name": "jwscaleavmnicdev-5",
            "private_ip_address": "192.168.1.11",
            "private_ip_addresses": [
              "192.168.1.11"
            ],
            "resource_group_name": "TestHarness",
            "tags": null,
            "timeouts": null,
            "virtual_machine_id": ""
          },
          "sensitive_attributes": [],
          "private": "eyJlMmJmYjczMC1lY2FhLTExZTYtOGY4OC0zNDM2M2JjN2M0YzAiOnsiY3JlYXRlIjoxODAwMDAwMDAwMDAwLCJkZWxldGUiOjE4MDAwMDAwMDAwMDAsInJlYWQiOjMwMDAwMDAwMDAwMCwidXBkYXRlIjoxODAwMDAwMDAwMDAwfX0=",
          "dependencies": [
            "azurerm_resource_group.test_harness_rg",
            "module.agent-vm.azurerm_public_ip.test_harness_agent_public_ip",
            "module.network.azurerm_subnet.test_harness_subnet",
            "module.network.azurerm_virtual_network.test_harness_vnet"
          ]
        },
        {
          "index_key": 6,
          "schema_version": 0,
          "attributes": {
            "applied_dns_servers": [],
            "dns_servers": [],
            "enable_accelerated_networking": false,
            "enable_ip_forwarding": false,
            "id": "/subscriptions/959965bb-d9df-4c6f-825e-37e1090d817d/resourceGroups/TestHarness/providers/Microsoft.Network/networkInterfaces/jwscaleavmnicdev-6",
            "internal_dns_name_label": "",
            "internal_domain_name_suffix": "pl2ejudkxvqu3eguvxpubd1lqd.xx.internal.cloudapp.net",
            "ip_configuration": [
              {
                "name": "internal",
                "primary": true,
                "private_ip_address": "192.168.1.12",
                "private_ip_address_allocation": "Dynamic",
                "private_ip_address_version": "IPv4",
                "public_ip_address_id": "/subscriptions/959965bb-d9df-4c6f-825e-37e1090d817d/resourceGroups/TestHarness/providers/Microsoft.Network/publicIPAddresses/jwscaleavmpipdev-6",
                "subnet_id": "/subscriptions/959965bb-d9df-4c6f-825e-37e1090d817d/resourceGroups/TestHarness/providers/Microsoft.Network/virtualNetworks/jwscalevnetdev/subnets/jwscalesubdev"
              }
            ],
            "location": "westus2",
            "mac_address": "",
            "name": "jwscaleavmnicdev-6",
            "private_ip_address": "192.168.1.12",
            "private_ip_addresses": [
              "192.168.1.12"
            ],
            "resource_group_name": "TestHarness",
            "tags": null,
            "timeouts": null,
            "virtual_machine_id": ""
          },
          "sensitive_attributes": [],
          "private": "eyJlMmJmYjczMC1lY2FhLTExZTYtOGY4OC0zNDM2M2JjN2M0YzAiOnsiY3JlYXRlIjoxODAwMDAwMDAwMDAwLCJkZWxldGUiOjE4MDAwMDAwMDAwMDAsInJlYWQiOjMwMDAwMDAwMDAwMCwidXBkYXRlIjoxODAwMDAwMDAwMDAwfX0=",
          "dependencies": [
            "azurerm_resource_group.test_harness_rg",
            "module.agent-vm.azurerm_public_ip.test_harness_agent_public_ip",
            "module.network.azurerm_subnet.test_harness_subnet",
            "module.network.azurerm_virtual_network.test_harness_vnet"
          ]
        },
        {
          "index_key": 7,
          "schema_version": 0,
          "attributes": {
            "applied_dns_servers": [],
            "dns_servers": [],
            "enable_accelerated_networking": false,
            "enable_ip_forwarding": false,
            "id": "/subscriptions/959965bb-d9df-4c6f-825e-37e1090d817d/resourceGroups/TestHarness/providers/Microsoft.Network/networkInterfaces/jwscaleavmnicdev-7",
            "internal_dns_name_label": "",
            "internal_domain_name_suffix": "pl2ejudkxvqu3eguvxpubd1lqd.xx.internal.cloudapp.net",
            "ip_configuration": [
              {
                "name": "internal",
                "primary": true,
                "private_ip_address": "192.168.1.7",
                "private_ip_address_allocation": "Dynamic",
                "private_ip_address_version": "IPv4",
                "public_ip_address_id": "/subscriptions/959965bb-d9df-4c6f-825e-37e1090d817d/resourceGroups/TestHarness/providers/Microsoft.Network/publicIPAddresses/jwscaleavmpipdev-7",
                "subnet_id": "/subscriptions/959965bb-d9df-4c6f-825e-37e1090d817d/resourceGroups/TestHarness/providers/Microsoft.Network/virtualNetworks/jwscalevnetdev/subnets/jwscalesubdev"
              }
            ],
            "location": "westus2",
            "mac_address": "",
            "name": "jwscaleavmnicdev-7",
            "private_ip_address": "192.168.1.7",
            "private_ip_addresses": [
              "192.168.1.7"
            ],
            "resource_group_name": "TestHarness",
            "tags": null,
            "timeouts": null,
            "virtual_machine_id": ""
          },
          "sensitive_attributes": [],
          "private": "eyJlMmJmYjczMC1lY2FhLTExZTYtOGY4OC0zNDM2M2JjN2M0YzAiOnsiY3JlYXRlIjoxODAwMDAwMDAwMDAwLCJkZWxldGUiOjE4MDAwMDAwMDAwMDAsInJlYWQiOjMwMDAwMDAwMDAwMCwidXBkYXRlIjoxODAwMDAwMDAwMDAwfX0=",
          "dependencies": [
            "azurerm_resource_group.test_harness_rg",
            "module.agent-vm.azurerm_public_ip.test_harness_agent_public_ip",
            "module.network.azurerm_subnet.test_harness_subnet",
            "module.network.azurerm_virtual_network.test_harness_vnet"
          ]
        },
        {
          "index_key": 8,
          "schema_version": 0,
          "attributes": {
            "applied_dns_servers": [],
            "dns_servers": [],
            "enable_accelerated_networking": false,
            "enable_ip_forwarding": false,
            "id": "/subscriptions/959965bb-d9df-4c6f-825e-37e1090d817d/resourceGroups/TestHarness/providers/Microsoft.Network/networkInterfaces/jwscaleavmnicdev-8",
            "internal_dns_name_label": "",
            "internal_domain_name_suffix": "pl2ejudkxvqu3eguvxpubd1lqd.xx.internal.cloudapp.net",
            "ip_configuration": [
              {
                "name": "internal",
                "primary": true,
                "private_ip_address": "192.168.1.9",
                "private_ip_address_allocation": "Dynamic",
                "private_ip_address_version": "IPv4",
                "public_ip_address_id": "/subscriptions/959965bb-d9df-4c6f-825e-37e1090d817d/resourceGroups/TestHarness/providers/Microsoft.Network/publicIPAddresses/jwscaleavmpipdev-8",
                "subnet_id": "/subscriptions/959965bb-d9df-4c6f-825e-37e1090d817d/resourceGroups/TestHarness/providers/Microsoft.Network/virtualNetworks/jwscalevnetdev/subnets/jwscalesubdev"
              }
            ],
            "location": "westus2",
            "mac_address": "",
            "name": "jwscaleavmnicdev-8",
            "private_ip_address": "192.168.1.9",
            "private_ip_addresses": [
              "192.168.1.9"
            ],
            "resource_group_name": "TestHarness",
            "tags": null,
            "timeouts": null,
            "virtual_machine_id": ""
          },
          "sensitive_attributes": [],
          "private": "eyJlMmJmYjczMC1lY2FhLTExZTYtOGY4OC0zNDM2M2JjN2M0YzAiOnsiY3JlYXRlIjoxODAwMDAwMDAwMDAwLCJkZWxldGUiOjE4MDAwMDAwMDAwMDAsInJlYWQiOjMwMDAwMDAwMDAwMCwidXBkYXRlIjoxODAwMDAwMDAwMDAwfX0=",
          "dependencies": [
            "azurerm_resource_group.test_harness_rg",
            "module.agent-vm.azurerm_public_ip.test_harness_agent_public_ip",
            "module.network.azurerm_subnet.test_harness_subnet",
            "module.network.azurerm_virtual_network.test_harness_vnet"
          ]
        },
        {
          "index_key": 9,
          "schema_version": 0,
          "attributes": {
            "applied_dns_servers": [],
            "dns_servers": [],
            "enable_accelerated_networking": false,
            "enable_ip_forwarding": false,
            "id": "/subscriptions/959965bb-d9df-4c6f-825e-37e1090d817d/resourceGroups/TestHarness/providers/Microsoft.Network/networkInterfaces/jwscaleavmnicdev-9",
            "internal_dns_name_label": "",
            "internal_domain_name_suffix": "pl2ejudkxvqu3eguvxpubd1lqd.xx.internal.cloudapp.net",
            "ip_configuration": [
              {
                "name": "internal",
                "primary": true,
                "private_ip_address": "192.168.1.4",
                "private_ip_address_allocation": "Dynamic",
                "private_ip_address_version": "IPv4",
                "public_ip_address_id": "/subscriptions/959965bb-d9df-4c6f-825e-37e1090d817d/resourceGroups/TestHarness/providers/Microsoft.Network/publicIPAddresses/jwscaleavmpipdev-9",
                "subnet_id": "/subscriptions/959965bb-d9df-4c6f-825e-37e1090d817d/resourceGroups/TestHarness/providers/Microsoft.Network/virtualNetworks/jwscalevnetdev/subnets/jwscalesubdev"
              }
            ],
            "location": "westus2",
            "mac_address": "",
            "name": "jwscaleavmnicdev-9",
            "private_ip_address": "192.168.1.4",
            "private_ip_addresses": [
              "192.168.1.4"
            ],
            "resource_group_name": "TestHarness",
            "tags": null,
            "timeouts": null,
            "virtual_machine_id": ""
          },
          "sensitive_attributes": [],
          "private": "eyJlMmJmYjczMC1lY2FhLTExZTYtOGY4OC0zNDM2M2JjN2M0YzAiOnsiY3JlYXRlIjoxODAwMDAwMDAwMDAwLCJkZWxldGUiOjE4MDAwMDAwMDAwMDAsInJlYWQiOjMwMDAwMDAwMDAwMCwidXBkYXRlIjoxODAwMDAwMDAwMDAwfX0=",
          "dependencies": [
            "azurerm_resource_group.test_harness_rg",
            "module.agent-vm.azurerm_public_ip.test_harness_agent_public_ip",
            "module.network.azurerm_subnet.test_harness_subnet",
            "module.network.azurerm_virtual_network.test_harness_vnet"
          ]
        }
      ]
    },
    {
      "module": "module.agent-vm",
      "mode": "managed",
      "type": "azurerm_public_ip",
      "name": "test_harness_agent_public_ip",
      "provider": "provider[\"registry.terraform.io/hashicorp/azurerm\"]",
      "instances": [
        {
          "index_key": 0,
          "schema_version": 0,
          "attributes": {
            "allocation_method": "Static",
            "domain_name_label": "jwscaleavmdev-0",
            "fqdn": "jwscaleavmdev-0.westus2.cloudapp.azure.com",
            "id": "/subscriptions/959965bb-d9df-4c6f-825e-37e1090d817d/resourceGroups/TestHarness/providers/Microsoft.Network/publicIPAddresses/jwscaleavmpipdev-0",
            "idle_timeout_in_minutes": 4,
            "ip_address": "52.183.25.195",
            "ip_version": "IPv4",
            "location": "westus2",
            "name": "jwscaleavmpipdev-0",
            "public_ip_prefix_id": null,
            "resource_group_name": "TestHarness",
            "reverse_fqdn": "",
            "sku": "Basic",
            "tags": null,
            "timeouts": null,
            "zones": null
          },
          "sensitive_attributes": [],
          "private": "eyJlMmJmYjczMC1lY2FhLTExZTYtOGY4OC0zNDM2M2JjN2M0YzAiOnsiY3JlYXRlIjoxODAwMDAwMDAwMDAwLCJkZWxldGUiOjE4MDAwMDAwMDAwMDAsInJlYWQiOjMwMDAwMDAwMDAwMCwidXBkYXRlIjoxODAwMDAwMDAwMDAwfX0=",
          "dependencies": [
            "azurerm_resource_group.test_harness_rg"
          ]
        },
        {
          "index_key": 1,
          "schema_version": 0,
          "attributes": {
            "allocation_method": "Static",
            "domain_name_label": "jwscaleavmdev-1",
            "fqdn": "jwscaleavmdev-1.westus2.cloudapp.azure.com",
            "id": "/subscriptions/959965bb-d9df-4c6f-825e-37e1090d817d/resourceGroups/TestHarness/providers/Microsoft.Network/publicIPAddresses/jwscaleavmpipdev-1",
            "idle_timeout_in_minutes": 4,
            "ip_address": "52.183.24.129",
            "ip_version": "IPv4",
            "location": "westus2",
            "name": "jwscaleavmpipdev-1",
            "public_ip_prefix_id": null,
            "resource_group_name": "TestHarness",
            "reverse_fqdn": "",
            "sku": "Basic",
            "tags": null,
            "timeouts": null,
            "zones": null
          },
          "sensitive_attributes": [],
          "private": "eyJlMmJmYjczMC1lY2FhLTExZTYtOGY4OC0zNDM2M2JjN2M0YzAiOnsiY3JlYXRlIjoxODAwMDAwMDAwMDAwLCJkZWxldGUiOjE4MDAwMDAwMDAwMDAsInJlYWQiOjMwMDAwMDAwMDAwMCwidXBkYXRlIjoxODAwMDAwMDAwMDAwfX0=",
          "dependencies": [
            "azurerm_resource_group.test_harness_rg"
          ]
        },
        {
          "index_key": 2,
          "schema_version": 0,
          "attributes": {
            "allocation_method": "Static",
            "domain_name_label": "jwscaleavmdev-2",
            "fqdn": "jwscaleavmdev-2.westus2.cloudapp.azure.com",
            "id": "/subscriptions/959965bb-d9df-4c6f-825e-37e1090d817d/resourceGroups/TestHarness/providers/Microsoft.Network/publicIPAddresses/jwscaleavmpipdev-2",
            "idle_timeout_in_minutes": 4,
            "ip_address": "13.66.164.206",
            "ip_version": "IPv4",
            "location": "westus2",
            "name": "jwscaleavmpipdev-2",
            "public_ip_prefix_id": null,
            "resource_group_name": "TestHarness",
            "reverse_fqdn": "",
            "sku": "Basic",
            "tags": null,
            "timeouts": null,
            "zones": null
          },
          "sensitive_attributes": [],
          "private": "eyJlMmJmYjczMC1lY2FhLTExZTYtOGY4OC0zNDM2M2JjN2M0YzAiOnsiY3JlYXRlIjoxODAwMDAwMDAwMDAwLCJkZWxldGUiOjE4MDAwMDAwMDAwMDAsInJlYWQiOjMwMDAwMDAwMDAwMCwidXBkYXRlIjoxODAwMDAwMDAwMDAwfX0=",
          "dependencies": [
            "azurerm_resource_group.test_harness_rg"
          ]
        },
        {
          "index_key": 3,
          "schema_version": 0,
          "attributes": {
            "allocation_method": "Static",
            "domain_name_label": "jwscaleavmdev-3",
            "fqdn": "jwscaleavmdev-3.westus2.cloudapp.azure.com",
            "id": "/subscriptions/959965bb-d9df-4c6f-825e-37e1090d817d/resourceGroups/TestHarness/providers/Microsoft.Network/publicIPAddresses/jwscaleavmpipdev-3",
            "idle_timeout_in_minutes": 4,
            "ip_address": "52.183.34.140",
            "ip_version": "IPv4",
            "location": "westus2",
            "name": "jwscaleavmpipdev-3",
            "public_ip_prefix_id": null,
            "resource_group_name": "TestHarness",
            "reverse_fqdn": "",
            "sku": "Basic",
            "tags": null,
            "timeouts": null,
            "zones": null
          },
          "sensitive_attributes": [],
          "private": "eyJlMmJmYjczMC1lY2FhLTExZTYtOGY4OC0zNDM2M2JjN2M0YzAiOnsiY3JlYXRlIjoxODAwMDAwMDAwMDAwLCJkZWxldGUiOjE4MDAwMDAwMDAwMDAsInJlYWQiOjMwMDAwMDAwMDAwMCwidXBkYXRlIjoxODAwMDAwMDAwMDAwfX0=",
          "dependencies": [
            "azurerm_resource_group.test_harness_rg"
          ]
        },
        {
          "index_key": 4,
          "schema_version": 0,
          "attributes": {
            "allocation_method": "Static",
            "domain_name_label": "jwscaleavmdev-4",
            "fqdn": "jwscaleavmdev-4.westus2.cloudapp.azure.com",
            "id": "/subscriptions/959965bb-d9df-4c6f-825e-37e1090d817d/resourceGroups/TestHarness/providers/Microsoft.Network/publicIPAddresses/jwscaleavmpipdev-4",
            "idle_timeout_in_minutes": 4,
            "ip_address": "13.66.159.173",
            "ip_version": "IPv4",
            "location": "westus2",
            "name": "jwscaleavmpipdev-4",
            "public_ip_prefix_id": null,
            "resource_group_name": "TestHarness",
            "reverse_fqdn": "",
            "sku": "Basic",
            "tags": null,
            "timeouts": null,
            "zones": null
          },
          "sensitive_attributes": [],
          "private": "eyJlMmJmYjczMC1lY2FhLTExZTYtOGY4OC0zNDM2M2JjN2M0YzAiOnsiY3JlYXRlIjoxODAwMDAwMDAwMDAwLCJkZWxldGUiOjE4MDAwMDAwMDAwMDAsInJlYWQiOjMwMDAwMDAwMDAwMCwidXBkYXRlIjoxODAwMDAwMDAwMDAwfX0=",
          "dependencies": [
            "azurerm_resource_group.test_harness_rg"
          ]
        },
        {
          "index_key": 5,
          "schema_version": 0,
          "attributes": {
            "allocation_method": "Static",
            "domain_name_label": "jwscaleavmdev-5",
            "fqdn": "jwscaleavmdev-5.westus2.cloudapp.azure.com",
            "id": "/subscriptions/959965bb-d9df-4c6f-825e-37e1090d817d/resourceGroups/TestHarness/providers/Microsoft.Network/publicIPAddresses/jwscaleavmpipdev-5",
            "idle_timeout_in_minutes": 4,
            "ip_address": "52.183.37.213",
            "ip_version": "IPv4",
            "location": "westus2",
            "name": "jwscaleavmpipdev-5",
            "public_ip_prefix_id": null,
            "resource_group_name": "TestHarness",
            "reverse_fqdn": "",
            "sku": "Basic",
            "tags": null,
            "timeouts": null,
            "zones": null
          },
          "sensitive_attributes": [],
          "private": "eyJlMmJmYjczMC1lY2FhLTExZTYtOGY4OC0zNDM2M2JjN2M0YzAiOnsiY3JlYXRlIjoxODAwMDAwMDAwMDAwLCJkZWxldGUiOjE4MDAwMDAwMDAwMDAsInJlYWQiOjMwMDAwMDAwMDAwMCwidXBkYXRlIjoxODAwMDAwMDAwMDAwfX0=",
          "dependencies": [
            "azurerm_resource_group.test_harness_rg"
          ]
        },
        {
          "index_key": 6,
          "schema_version": 0,
          "attributes": {
            "allocation_method": "Static",
            "domain_name_label": "jwscaleavmdev-6",
            "fqdn": "jwscaleavmdev-6.westus2.cloudapp.azure.com",
            "id": "/subscriptions/959965bb-d9df-4c6f-825e-37e1090d817d/resourceGroups/TestHarness/providers/Microsoft.Network/publicIPAddresses/jwscaleavmpipdev-6",
            "idle_timeout_in_minutes": 4,
            "ip_address": "52.183.0.105",
            "ip_version": "IPv4",
            "location": "westus2",
            "name": "jwscaleavmpipdev-6",
            "public_ip_prefix_id": null,
            "resource_group_name": "TestHarness",
            "reverse_fqdn": "",
            "sku": "Basic",
            "tags": null,
            "timeouts": null,
            "zones": null
          },
          "sensitive_attributes": [],
          "private": "eyJlMmJmYjczMC1lY2FhLTExZTYtOGY4OC0zNDM2M2JjN2M0YzAiOnsiY3JlYXRlIjoxODAwMDAwMDAwMDAwLCJkZWxldGUiOjE4MDAwMDAwMDAwMDAsInJlYWQiOjMwMDAwMDAwMDAwMCwidXBkYXRlIjoxODAwMDAwMDAwMDAwfX0=",
          "dependencies": [
            "azurerm_resource_group.test_harness_rg"
          ]
        },
        {
          "index_key": 7,
          "schema_version": 0,
          "attributes": {
            "allocation_method": "Static",
            "domain_name_label": "jwscaleavmdev-7",
            "fqdn": "jwscaleavmdev-7.westus2.cloudapp.azure.com",
            "id": "/subscriptions/959965bb-d9df-4c6f-825e-37e1090d817d/resourceGroups/TestHarness/providers/Microsoft.Network/publicIPAddresses/jwscaleavmpipdev-7",
            "idle_timeout_in_minutes": 4,
            "ip_address": "52.183.35.241",
            "ip_version": "IPv4",
            "location": "westus2",
            "name": "jwscaleavmpipdev-7",
            "public_ip_prefix_id": null,
            "resource_group_name": "TestHarness",
            "reverse_fqdn": "",
            "sku": "Basic",
            "tags": null,
            "timeouts": null,
            "zones": null
          },
          "sensitive_attributes": [],
          "private": "eyJlMmJmYjczMC1lY2FhLTExZTYtOGY4OC0zNDM2M2JjN2M0YzAiOnsiY3JlYXRlIjoxODAwMDAwMDAwMDAwLCJkZWxldGUiOjE4MDAwMDAwMDAwMDAsInJlYWQiOjMwMDAwMDAwMDAwMCwidXBkYXRlIjoxODAwMDAwMDAwMDAwfX0=",
          "dependencies": [
            "azurerm_resource_group.test_harness_rg"
          ]
        },
        {
          "index_key": 8,
          "schema_version": 0,
          "attributes": {
            "allocation_method": "Static",
            "domain_name_label": "jwscaleavmdev-8",
            "fqdn": "jwscaleavmdev-8.westus2.cloudapp.azure.com",
            "id": "/subscriptions/959965bb-d9df-4c6f-825e-37e1090d817d/resourceGroups/TestHarness/providers/Microsoft.Network/publicIPAddresses/jwscaleavmpipdev-8",
            "idle_timeout_in_minutes": 4,
            "ip_address": "52.183.33.194",
            "ip_version": "IPv4",
            "location": "westus2",
            "name": "jwscaleavmpipdev-8",
            "public_ip_prefix_id": null,
            "resource_group_name": "TestHarness",
            "reverse_fqdn": "",
            "sku": "Basic",
            "tags": null,
            "timeouts": null,
            "zones": null
          },
          "sensitive_attributes": [],
          "private": "eyJlMmJmYjczMC1lY2FhLTExZTYtOGY4OC0zNDM2M2JjN2M0YzAiOnsiY3JlYXRlIjoxODAwMDAwMDAwMDAwLCJkZWxldGUiOjE4MDAwMDAwMDAwMDAsInJlYWQiOjMwMDAwMDAwMDAwMCwidXBkYXRlIjoxODAwMDAwMDAwMDAwfX0=",
          "dependencies": [
            "azurerm_resource_group.test_harness_rg"
          ]
        },
        {
          "index_key": 9,
          "schema_version": 0,
          "attributes": {
            "allocation_method": "Static",
            "domain_name_label": "jwscaleavmdev-9",
            "fqdn": "jwscaleavmdev-9.westus2.cloudapp.azure.com",
            "id": "/subscriptions/959965bb-d9df-4c6f-825e-37e1090d817d/resourceGroups/TestHarness/providers/Microsoft.Network/publicIPAddresses/jwscaleavmpipdev-9",
            "idle_timeout_in_minutes": 4,
            "ip_address": "52.183.24.69",
            "ip_version": "IPv4",
            "location": "westus2",
            "name": "jwscaleavmpipdev-9",
            "public_ip_prefix_id": null,
            "resource_group_name": "TestHarness",
            "reverse_fqdn": "",
            "sku": "Basic",
            "tags": null,
            "timeouts": null,
            "zones": null
          },
          "sensitive_attributes": [],
          "private": "eyJlMmJmYjczMC1lY2FhLTExZTYtOGY4OC0zNDM2M2JjN2M0YzAiOnsiY3JlYXRlIjoxODAwMDAwMDAwMDAwLCJkZWxldGUiOjE4MDAwMDAwMDAwMDAsInJlYWQiOjMwMDAwMDAwMDAwMCwidXBkYXRlIjoxODAwMDAwMDAwMDAwfX0=",
          "dependencies": [
            "azurerm_resource_group.test_harness_rg"
          ]
        }
      ]
    },
    {
      "module": "module.main-vm",
      "mode": "managed",
      "type": "azurerm_linux_virtual_machine",
      "name": "test_harness_main",
      "provider": "provider[\"registry.terraform.io/hashicorp/azurerm\"]",
      "instances": [
        {
          "schema_version": 0,
          "attributes": {
            "additional_capabilities": [],
            "admin_password": null,
            "admin_ssh_key": [
              {
                "public_key": "ssh-rsa AAAAB3NzaC1yc2EAAAADAQABAAACAQCYoV7iMGhzkjuTcqwUqGgtDfZ+xQsoxoso7dAv/idNQDps6Z6ir1c2qUa/szTFmuL1UfrX3bCMLriILB9nDyjyunomwl4v4SlYSEgiHaWvyCY7/Ft6/IHTyI8Xz84MeewIT3nkcpcNdKtedFuZ++AFs4PaD+y5EqxUHYmdde6+NhWQv+fy2e1vlc3cGJPLjyc2m38MeJmZYeXNlwPWjC/P7ISCuE3fk0YCw3PgpokXCQYP9Pi/S5vvTplMAhrirdgh6cJLmXiAPitiCDYOvMkCcsE08YIFZS7Bz6XLhb8d1UB8RjFwNAy4bNj7Cd97oD05QvhRFGaju5nnwMHZ1AMHKpHnvg9QjETo/FJ3FrMJ/Sjx3kwW0f9wzE4IMwJc7CLhRb49OIyIblQYi2uZcWpbfDWy2gprR+703vQ1wumzl0Gh0Bp1kYFUexp14NC0st1xc/FdCq55Q7KHbKcSHO8RnA2OmNKI0w1MK4fiOO7obKMzu2BIuc5XXw2Ke9nqarS5aPbFSFlwnIT8rYJtZVf3XZc5TaoSK5Tqj5A+G4KI1IGaUa/E0dX6IXqm4+asLF8Jt97hFAvXIf34rPFRtRhj0Edazol2pKR3YCm+ZzOahEdgHbAnI3eunpJgnBe+sloHlAcOKkFicUljY/4Degs6uYrg6MSfkTjOQS3X6utayw== jwendl@THOR\n",
                "username": "jwendl"
              }
            ],
            "admin_username": "jwendl",
            "allow_extension_operations": true,
            "availability_set_id": "",
            "boot_diagnostics": [],
            "computer_name": "jwscalemvmdev",
            "custom_data": null,
            "dedicated_host_id": "",
            "disable_password_authentication": true,
            "encryption_at_host_enabled": false,
            "eviction_policy": "",
            "extensions_time_budget": "PT1H30M",
            "id": "/subscriptions/959965bb-d9df-4c6f-825e-37e1090d817d/resourceGroups/TestHarness/providers/Microsoft.Compute/virtualMachines/jwscalemvmdev",
            "identity": [],
            "location": "westus2",
            "max_bid_price": -1,
            "name": "jwscalemvmdev",
            "network_interface_ids": [
              "/subscriptions/959965bb-d9df-4c6f-825e-37e1090d817d/resourceGroups/TestHarness/providers/Microsoft.Network/networkInterfaces/jwscalemvmnicdev"
            ],
            "os_disk": [
              {
                "caching": "ReadWrite",
                "diff_disk_settings": [],
                "disk_encryption_set_id": "",
                "disk_size_gb": 30,
                "name": "jwscalemvmdev_OsDisk_1_4c10242927454f97b341d4e3fd0eea17",
                "storage_account_type": "Standard_LRS",
                "write_accelerator_enabled": false
              }
            ],
            "plan": [],
            "priority": "Regular",
            "private_ip_address": "192.168.1.5",
            "private_ip_addresses": [
              "192.168.1.5"
            ],
            "provision_vm_agent": true,
            "proximity_placement_group_id": "",
            "public_ip_address": "52.183.32.165",
            "public_ip_addresses": [
              "52.183.32.165"
            ],
            "resource_group_name": "TestHarness",
            "secret": [],
            "size": "Standard_F2",
            "source_image_id": "",
            "source_image_reference": [
              {
                "offer": "UbuntuServer",
                "publisher": "Canonical",
                "sku": "18.04-LTS",
                "version": "latest"
              }
            ],
            "tags": null,
            "timeouts": null,
            "virtual_machine_id": "18308846-fba0-4eeb-b674-4cafcac62648",
            "virtual_machine_scale_set_id": "",
            "zone": ""
          },
          "sensitive_attributes": [],
          "private": "eyJlMmJmYjczMC1lY2FhLTExZTYtOGY4OC0zNDM2M2JjN2M0YzAiOnsiY3JlYXRlIjoyNzAwMDAwMDAwMDAwLCJkZWxldGUiOjI3MDAwMDAwMDAwMDAsInJlYWQiOjMwMDAwMDAwMDAwMCwidXBkYXRlIjoyNzAwMDAwMDAwMDAwfX0=",
          "dependencies": [
            "azurerm_resource_group.test_harness_rg",
            "module.main-vm.azurerm_network_interface.test_harness_main_nic",
            "module.main-vm.azurerm_public_ip.test_harness_main_public_ip",
            "module.network.azurerm_subnet.test_harness_subnet",
            "module.network.azurerm_virtual_network.test_harness_vnet"
          ]
        }
      ]
    },
    {
      "module": "module.main-vm",
      "mode": "managed",
      "type": "azurerm_network_interface",
      "name": "test_harness_main_nic",
      "provider": "provider[\"registry.terraform.io/hashicorp/azurerm\"]",
      "instances": [
        {
          "schema_version": 0,
          "attributes": {
            "applied_dns_servers": [],
            "dns_servers": [],
            "enable_accelerated_networking": false,
            "enable_ip_forwarding": false,
            "id": "/subscriptions/959965bb-d9df-4c6f-825e-37e1090d817d/resourceGroups/TestHarness/providers/Microsoft.Network/networkInterfaces/jwscalemvmnicdev",
            "internal_dns_name_label": "",
            "internal_domain_name_suffix": "pl2ejudkxvqu3eguvxpubd1lqd.xx.internal.cloudapp.net",
            "ip_configuration": [
              {
                "name": "internal",
                "primary": true,
                "private_ip_address": "192.168.1.5",
                "private_ip_address_allocation": "Dynamic",
                "private_ip_address_version": "IPv4",
                "public_ip_address_id": "/subscriptions/959965bb-d9df-4c6f-825e-37e1090d817d/resourceGroups/TestHarness/providers/Microsoft.Network/publicIPAddresses/jwscalemvmpipdev",
                "subnet_id": "/subscriptions/959965bb-d9df-4c6f-825e-37e1090d817d/resourceGroups/TestHarness/providers/Microsoft.Network/virtualNetworks/jwscalevnetdev/subnets/jwscalesubdev"
              }
            ],
            "location": "westus2",
            "mac_address": "",
            "name": "jwscalemvmnicdev",
            "private_ip_address": "192.168.1.5",
            "private_ip_addresses": [
              "192.168.1.5"
            ],
            "resource_group_name": "TestHarness",
            "tags": null,
            "timeouts": null,
            "virtual_machine_id": ""
          },
          "sensitive_attributes": [],
          "private": "eyJlMmJmYjczMC1lY2FhLTExZTYtOGY4OC0zNDM2M2JjN2M0YzAiOnsiY3JlYXRlIjoxODAwMDAwMDAwMDAwLCJkZWxldGUiOjE4MDAwMDAwMDAwMDAsInJlYWQiOjMwMDAwMDAwMDAwMCwidXBkYXRlIjoxODAwMDAwMDAwMDAwfX0=",
          "dependencies": [
            "azurerm_resource_group.test_harness_rg",
            "module.main-vm.azurerm_public_ip.test_harness_main_public_ip",
            "module.network.azurerm_subnet.test_harness_subnet",
            "module.network.azurerm_virtual_network.test_harness_vnet"
          ]
        }
      ]
    },
    {
      "module": "module.main-vm",
      "mode": "managed",
      "type": "azurerm_public_ip",
      "name": "test_harness_main_public_ip",
      "provider": "provider[\"registry.terraform.io/hashicorp/azurerm\"]",
      "instances": [
        {
          "schema_version": 0,
          "attributes": {
            "allocation_method": "Static",
            "domain_name_label": "jwscalemvmdev",
            "fqdn": "jwscalemvmdev.westus2.cloudapp.azure.com",
            "id": "/subscriptions/959965bb-d9df-4c6f-825e-37e1090d817d/resourceGroups/TestHarness/providers/Microsoft.Network/publicIPAddresses/jwscalemvmpipdev",
            "idle_timeout_in_minutes": 4,
            "ip_address": "52.183.32.165",
            "ip_version": "IPv4",
            "location": "westus2",
            "name": "jwscalemvmpipdev",
            "public_ip_prefix_id": null,
            "resource_group_name": "TestHarness",
            "reverse_fqdn": "",
            "sku": "Basic",
            "tags": null,
            "timeouts": null,
            "zones": null
          },
          "sensitive_attributes": [],
          "private": "eyJlMmJmYjczMC1lY2FhLTExZTYtOGY4OC0zNDM2M2JjN2M0YzAiOnsiY3JlYXRlIjoxODAwMDAwMDAwMDAwLCJkZWxldGUiOjE4MDAwMDAwMDAwMDAsInJlYWQiOjMwMDAwMDAwMDAwMCwidXBkYXRlIjoxODAwMDAwMDAwMDAwfX0=",
          "dependencies": [
            "azurerm_resource_group.test_harness_rg"
          ]
        }
      ]
    },
    {
      "module": "module.network",
      "mode": "managed",
      "type": "azurerm_network_security_group",
      "name": "test_harness_nsg",
      "provider": "provider[\"registry.terraform.io/hashicorp/azurerm\"]",
      "instances": [
        {
          "schema_version": 0,
          "attributes": {
            "id": "/subscriptions/959965bb-d9df-4c6f-825e-37e1090d817d/resourceGroups/TestHarness/providers/Microsoft.Network/networkSecurityGroups/jwscalensgdev",
            "location": "westus2",
            "name": "jwscalensgdev",
            "resource_group_name": "TestHarness",
            "security_rule": [],
            "tags": null,
            "timeouts": null
          },
          "sensitive_attributes": [],
          "private": "eyJlMmJmYjczMC1lY2FhLTExZTYtOGY4OC0zNDM2M2JjN2M0YzAiOnsiY3JlYXRlIjoxODAwMDAwMDAwMDAwLCJkZWxldGUiOjE4MDAwMDAwMDAwMDAsInJlYWQiOjMwMDAwMDAwMDAwMCwidXBkYXRlIjoxODAwMDAwMDAwMDAwfX0=",
          "dependencies": [
            "azurerm_resource_group.test_harness_rg",
            "module.network.azurerm_virtual_network.test_harness_vnet"
          ]
        }
      ]
    },
    {
      "module": "module.network",
      "mode": "managed",
      "type": "azurerm_network_security_rule",
      "name": "test_harness_nsg_rule_1",
      "provider": "provider[\"registry.terraform.io/hashicorp/azurerm\"]",
      "instances": [
        {
          "schema_version": 0,
          "attributes": {
            "access": "Allow",
            "description": "",
            "destination_address_prefix": "*",
            "destination_address_prefixes": null,
            "destination_application_security_group_ids": null,
            "destination_port_range": "22",
            "destination_port_ranges": null,
            "direction": "Inbound",
            "id": "/subscriptions/959965bb-d9df-4c6f-825e-37e1090d817d/resourceGroups/TestHarness/providers/Microsoft.Network/networkSecurityGroups/jwscalensgdev/securityRules/ssh",
            "name": "ssh",
            "network_security_group_name": "jwscalensgdev",
            "priority": 1000,
            "protocol": "Tcp",
            "resource_group_name": "TestHarness",
            "source_address_prefix": "*",
            "source_address_prefixes": null,
            "source_application_security_group_ids": null,
            "source_port_range": "22",
            "source_port_ranges": null,
            "timeouts": null
          },
          "sensitive_attributes": [],
          "private": "eyJlMmJmYjczMC1lY2FhLTExZTYtOGY4OC0zNDM2M2JjN2M0YzAiOnsiY3JlYXRlIjoxODAwMDAwMDAwMDAwLCJkZWxldGUiOjE4MDAwMDAwMDAwMDAsInJlYWQiOjMwMDAwMDAwMDAwMCwidXBkYXRlIjoxODAwMDAwMDAwMDAwfX0=",
          "dependencies": [
            "azurerm_resource_group.test_harness_rg",
            "module.network.azurerm_network_security_group.test_harness_nsg",
            "module.network.azurerm_virtual_network.test_harness_vnet"
          ]
        }
      ]
    },
    {
      "module": "module.network",
      "mode": "managed",
      "type": "azurerm_network_security_rule",
      "name": "test_harness_nsg_rule_2",
      "provider": "provider[\"registry.terraform.io/hashicorp/azurerm\"]",
      "instances": [
        {
          "schema_version": 0,
          "attributes": {
            "access": "Allow",
            "description": "",
            "destination_address_prefix": "*",
            "destination_address_prefixes": null,
            "destination_application_security_group_ids": null,
            "destination_port_range": "8089",
            "destination_port_ranges": null,
            "direction": "Inbound",
            "id": "/subscriptions/959965bb-d9df-4c6f-825e-37e1090d817d/resourceGroups/TestHarness/providers/Microsoft.Network/networkSecurityGroups/jwscalensgdev/securityRules/http",
            "name": "http",
            "network_security_group_name": "jwscalensgdev",
            "priority": 1005,
            "protocol": "Tcp",
            "resource_group_name": "TestHarness",
            "source_address_prefix": "*",
            "source_address_prefixes": null,
            "source_application_security_group_ids": null,
            "source_port_range": "8089",
            "source_port_ranges": null,
            "timeouts": null
          },
          "sensitive_attributes": [],
          "private": "eyJlMmJmYjczMC1lY2FhLTExZTYtOGY4OC0zNDM2M2JjN2M0YzAiOnsiY3JlYXRlIjoxODAwMDAwMDAwMDAwLCJkZWxldGUiOjE4MDAwMDAwMDAwMDAsInJlYWQiOjMwMDAwMDAwMDAwMCwidXBkYXRlIjoxODAwMDAwMDAwMDAwfX0=",
          "dependencies": [
            "azurerm_resource_group.test_harness_rg",
            "module.network.azurerm_network_security_group.test_harness_nsg",
            "module.network.azurerm_virtual_network.test_harness_vnet"
          ]
        }
      ]
    },
    {
      "module": "module.network",
      "mode": "managed",
      "type": "azurerm_subnet",
      "name": "test_harness_subnet",
      "provider": "provider[\"registry.terraform.io/hashicorp/azurerm\"]",
      "instances": [
        {
          "schema_version": 0,
          "attributes": {
            "address_prefix": "192.168.1.0/24",
            "address_prefixes": [
              "192.168.1.0/24"
            ],
            "delegation": [],
            "enforce_private_link_endpoint_network_policies": false,
            "enforce_private_link_service_network_policies": false,
            "id": "/subscriptions/959965bb-d9df-4c6f-825e-37e1090d817d/resourceGroups/TestHarness/providers/Microsoft.Network/virtualNetworks/jwscalevnetdev/subnets/jwscalesubdev",
            "name": "jwscalesubdev",
            "resource_group_name": "TestHarness",
            "service_endpoint_policy_ids": null,
            "service_endpoints": null,
            "timeouts": null,
            "virtual_network_name": "jwscalevnetdev"
          },
          "sensitive_attributes": [],
          "private": "eyJlMmJmYjczMC1lY2FhLTExZTYtOGY4OC0zNDM2M2JjN2M0YzAiOnsiY3JlYXRlIjoxODAwMDAwMDAwMDAwLCJkZWxldGUiOjE4MDAwMDAwMDAwMDAsInJlYWQiOjMwMDAwMDAwMDAwMCwidXBkYXRlIjoxODAwMDAwMDAwMDAwfX0=",
          "dependencies": [
            "azurerm_resource_group.test_harness_rg",
            "module.network.azurerm_virtual_network.test_harness_vnet"
          ]
        }
      ]
    },
    {
      "module": "module.network",
      "mode": "managed",
      "type": "azurerm_virtual_network",
      "name": "test_harness_vnet",
      "provider": "provider[\"registry.terraform.io/hashicorp/azurerm\"]",
      "instances": [
        {
          "schema_version": 0,
          "attributes": {
            "address_space": [
              "192.168.0.0/16"
            ],
            "bgp_community": "",
            "ddos_protection_plan": [],
            "dns_servers": null,
            "guid": "d044f87a-bd6a-4e61-90d4-addf408f6b83",
            "id": "/subscriptions/959965bb-d9df-4c6f-825e-37e1090d817d/resourceGroups/TestHarness/providers/Microsoft.Network/virtualNetworks/jwscalevnetdev",
            "location": "westus2",
            "name": "jwscalevnetdev",
            "resource_group_name": "TestHarness",
            "subnet": [],
            "tags": null,
            "timeouts": null,
            "vm_protection_enabled": false
          },
          "sensitive_attributes": [],
          "private": "eyJlMmJmYjczMC1lY2FhLTExZTYtOGY4OC0zNDM2M2JjN2M0YzAiOnsiY3JlYXRlIjoxODAwMDAwMDAwMDAwLCJkZWxldGUiOjE4MDAwMDAwMDAwMDAsInJlYWQiOjMwMDAwMDAwMDAwMCwidXBkYXRlIjoxODAwMDAwMDAwMDAwfX0=",
          "dependencies": [
            "azurerm_resource_group.test_harness_rg"
          ]
        }
      ]
    }
  ]
}
