
Microsoft Visual Studio Solution File, Format Version 12.00
# Visual Studio Version 16
VisualStudioVersion = 16.0.30907.101
MinimumVisualStudioVersion = 10.0.40219.1
Project("{FAE04EC0-301F-11D3-BF4B-00C04F79EFBC}") = "ScaleTestEndpoint", "ScaleTestEndpoint\ScaleTestEndpoint.csproj", "{D8D2B4A6-0343-4E4C-B510-0BCA7C221528}"
EndProject
Global
	GlobalSection(SolutionConfigurationPlatforms) = preSolution
		Debug|Any CPU = Debug|Any CPU
		Release|Any CPU = Release|Any CPU
	EndGlobalSection
	GlobalSection(ProjectConfigurationPlatforms) = postSolution
		{D8D2B4A6-0343-4E4C-B510-0BCA7C221528}.Debug|Any CPU.ActiveCfg = Debug|Any CPU
		{D8D2B4A6-0343-4E4C-B510-0BCA7C221528}.Debug|Any CPU.Build.0 = Debug|Any CPU
		{D8D2B4A6-0343-4E4C-B510-0BCA7C221528}.Release|Any CPU.ActiveCfg = Release|Any CPU
		{D8D2B4A6-0343-4E4C-B510-0BCA7C221528}.Release|Any CPU.Build.0 = Release|Any CPU
	EndGlobalSection
	GlobalSection(SolutionProperties) = preSolution
		HideSolutionNode = FALSE
	EndGlobalSection
	GlobalSection(ExtensibilityGlobals) = postSolution
		SolutionGuid = {EF2C55A3-DF65-46A1-B51E-B3DBD0779437}
	EndGlobalSection
EndGlobal
